// !$*UTF8*$!
{
	archiveVersion = 1;
	classes = {
	};
	objectVersion = 46;
	objects = {

/* Begin PBXBuildFile section */
		0DEBF5CF3DF3F907C45D77AC /* Pods_DYZB.framework in Frameworks */ = {isa = PBXBuildFile; fileRef = 265339613D4786661713FD63 /* Pods_DYZB.framework */; };
		2509179F1F5005A80007F398 /* AppDelegate.swift in Sources */ = {isa = PBXBuildFile; fileRef = 2509179E1F5005A80007F398 /* AppDelegate.swift */; };
		250917A41F5005A80007F398 /* Main.storyboard in Resources */ = {isa = PBXBuildFile; fileRef = 250917A21F5005A80007F398 /* Main.storyboard */; };
		250917A61F5005A80007F398 /* Assets.xcassets in Resources */ = {isa = PBXBuildFile; fileRef = 250917A51F5005A80007F398 /* Assets.xcassets */; };
		250917A91F5005A80007F398 /* LaunchScreen.storyboard in Resources */ = {isa = PBXBuildFile; fileRef = 250917A71F5005A80007F398 /* LaunchScreen.storyboard */; };
		250917B41F5005A80007F398 /* DYZBTests.swift in Sources */ = {isa = PBXBuildFile; fileRef = 250917B31F5005A80007F398 /* DYZBTests.swift */; };
		250917BF1F5005A80007F398 /* DYZBUITests.swift in Sources */ = {isa = PBXBuildFile; fileRef = 250917BE1F5005A80007F398 /* DYZBUITests.swift */; };
		250917EA1F500A7E0007F398 /* Home.storyboard in Resources */ = {isa = PBXBuildFile; fileRef = 250917E91F500A7E0007F398 /* Home.storyboard */; };
		250917EC1F500AD00007F398 /* Live.storyboard in Resources */ = {isa = PBXBuildFile; fileRef = 250917EB1F500AD00007F398 /* Live.storyboard */; };
		250917EE1F500AF20007F398 /* Follow.storyboard in Resources */ = {isa = PBXBuildFile; fileRef = 250917ED1F500AF20007F398 /* Follow.storyboard */; };
		250917F01F500B420007F398 /* Profile.storyboard in Resources */ = {isa = PBXBuildFile; fileRef = 250917EF1F500B420007F398 /* Profile.storyboard */; };
		250917F21F500B870007F398 /* WKTabBarController.swift in Sources */ = {isa = PBXBuildFile; fileRef = 250917F11F500B870007F398 /* WKTabBarController.swift */; };
		250917F41F5023220007F398 /* WKHomeViewController.swift in Sources */ = {isa = PBXBuildFile; fileRef = 250917F31F5023220007F398 /* WKHomeViewController.swift */; };
		250917F71F50269C0007F398 /* UIBarButtonItem-Extension.swift in Sources */ = {isa = PBXBuildFile; fileRef = 250917F61F50269C0007F398 /* UIBarButtonItem-Extension.swift */; };
		250917F91F51767F0007F398 /* WKPageTitleView.swift in Sources */ = {isa = PBXBuildFile; fileRef = 250917F81F51767F0007F398 /* WKPageTitleView.swift */; };
		250917FB1F5178540007F398 /* Common.swift in Sources */ = {isa = PBXBuildFile; fileRef = 250917FA1F5178540007F398 /* Common.swift */; };
		250917FD1F51889F0007F398 /* WKPageContentView.swift in Sources */ = {isa = PBXBuildFile; fileRef = 250917FC1F51889F0007F398 /* WKPageContentView.swift */; };
		250917FF1F51D60D0007F398 /* UIColor+Extension.swift in Sources */ = {isa = PBXBuildFile; fileRef = 250917FE1F51D60D0007F398 /* UIColor+Extension.swift */; };
		250D2C311F5411C0001E7C1C /* WKRecommendController.swift in Sources */ = {isa = PBXBuildFile; fileRef = 250D2C301F5411C0001E7C1C /* WKRecommendController.swift */; };
		250D2C341F541AE6001E7C1C /* WKReusableView.swift in Sources */ = {isa = PBXBuildFile; fileRef = 250D2C321F541AE6001E7C1C /* WKReusableView.swift */; };
		250D2C351F541AE6001E7C1C /* WKReusableView.xib in Resources */ = {isa = PBXBuildFile; fileRef = 250D2C331F541AE6001E7C1C /* WKReusableView.xib */; };
		250D2C381F541E1E001E7C1C /* WKNormalCollectionViewCell.swift in Sources */ = {isa = PBXBuildFile; fileRef = 250D2C361F541E1E001E7C1C /* WKNormalCollectionViewCell.swift */; };
		250D2C391F541E1E001E7C1C /* WKNormalCollectionViewCell.xib in Resources */ = {isa = PBXBuildFile; fileRef = 250D2C371F541E1E001E7C1C /* WKNormalCollectionViewCell.xib */; };
		250D2C3C1F542256001E7C1C /* WKPrettyCollectionViewCell.swift in Sources */ = {isa = PBXBuildFile; fileRef = 250D2C3A1F542256001E7C1C /* WKPrettyCollectionViewCell.swift */; };
		250D2C3D1F542256001E7C1C /* WKPrettyCollectionViewCell.xib in Resources */ = {isa = PBXBuildFile; fileRef = 250D2C3B1F542256001E7C1C /* WKPrettyCollectionViewCell.xib */; };
		25652B981F56BCF00047A3CB /* WKCycleView.swift in Sources */ = {isa = PBXBuildFile; fileRef = 25652B971F56BCF00047A3CB /* WKCycleView.swift */; };
		25652B9A1F56BD170047A3CB /* WKCycleView.xib in Resources */ = {isa = PBXBuildFile; fileRef = 25652B991F56BD170047A3CB /* WKCycleView.xib */; };
		25652B9D1F56C3C10047A3CB /* WKCycleCell.swift in Sources */ = {isa = PBXBuildFile; fileRef = 25652B9B1F56C3C10047A3CB /* WKCycleCell.swift */; };
		25652B9E1F56C3C10047A3CB /* WKCycleCell.xib in Resources */ = {isa = PBXBuildFile; fileRef = 25652B9C1F56C3C10047A3CB /* WKCycleCell.xib */; };
		25652BA01F56C5940047A3CB /* WKCycleModel.swift in Sources */ = {isa = PBXBuildFile; fileRef = 25652B9F1F56C5940047A3CB /* WKCycleModel.swift */; };
		25C0829C1F556FD400FDB253 /* WKNetworkTools.swift in Sources */ = {isa = PBXBuildFile; fileRef = 25C0829B1F556FD400FDB253 /* WKNetworkTools.swift */; };
		25C0829F1F5573CF00FDB253 /* WKRecommendViewModel.swift in Sources */ = {isa = PBXBuildFile; fileRef = 25C0829E1F5573CF00FDB253 /* WKRecommendViewModel.swift */; };
		25C082A31F55768100FDB253 /* NSdate+Extension.swift in Sources */ = {isa = PBXBuildFile; fileRef = 25C082A21F55768100FDB253 /* NSdate+Extension.swift */; };
		25C082A51F55795E00FDB253 /* WKAnchorGroup.swift in Sources */ = {isa = PBXBuildFile; fileRef = 25C082A41F55795E00FDB253 /* WKAnchorGroup.swift */; };
		25C082A71F55796A00FDB253 /* WKAnchorModel.swift in Sources */ = {isa = PBXBuildFile; fileRef = 25C082A61F55796A00FDB253 /* WKAnchorModel.swift */; };
		25C082A91F559D0700FDB253 /* WKBaseCollectionViewCell.swift in Sources */ = {isa = PBXBuildFile; fileRef = 25C082A81F559D0700FDB253 /* WKBaseCollectionViewCell.swift */; };
		25E3AE911F581823008AA4F3 /* WKRecommendGanmeView.swift in Sources */ = {isa = PBXBuildFile; fileRef = 25E3AE901F581823008AA4F3 /* WKRecommendGanmeView.swift */; };
		25E3AE931F58182C008AA4F3 /* WKRecommendGanmeView.xib in Resources */ = {isa = PBXBuildFile; fileRef = 25E3AE921F58182C008AA4F3 /* WKRecommendGanmeView.xib */; };
		25E3AE961F581B38008AA4F3 /* WKGameViewCell.swift in Sources */ = {isa = PBXBuildFile; fileRef = 25E3AE941F581B38008AA4F3 /* WKGameViewCell.swift */; };
		25E3AE971F581B38008AA4F3 /* WKGameViewCell.xib in Resources */ = {isa = PBXBuildFile; fileRef = 25E3AE951F581B38008AA4F3 /* WKGameViewCell.xib */; };
		25E3AE991F59610B008AA4F3 /* WKGameViewController.swift in Sources */ = {isa = PBXBuildFile; fileRef = 25E3AE981F59610B008AA4F3 /* WKGameViewController.swift */; };
		25E3AE9B1F59665E008AA4F3 /* WKGameModel.swift in Sources */ = {isa = PBXBuildFile; fileRef = 25E3AE9A1F59665E008AA4F3 /* WKGameModel.swift */; };
		25E3AE9D1F5966E2008AA4F3 /* WKGameViewModel.swift in Sources */ = {isa = PBXBuildFile; fileRef = 25E3AE9C1F5966E2008AA4F3 /* WKGameViewModel.swift */; };
		25E3AE9F1F5973F0008AA4F3 /* WKBaseGameModel.swift in Sources */ = {isa = PBXBuildFile; fileRef = 25E3AE9E1F5973F0008AA4F3 /* WKBaseGameModel.swift */; };
		25E3AEA11F5B1080008AA4F3 /* WKAmuseViewController.swift in Sources */ = {isa = PBXBuildFile; fileRef = 25E3AEA01F5B1080008AA4F3 /* WKAmuseViewController.swift */; };
		25E3AEA71F5B1327008AA4F3 /* WKAmuseViewModel.swift in Sources */ = {isa = PBXBuildFile; fileRef = 25E3AEA61F5B1327008AA4F3 /* WKAmuseViewModel.swift */; };
		25E3AEAA1F5B15E1008AA4F3 /* WKBaseAnchorViewModel.swift in Sources */ = {isa = PBXBuildFile; fileRef = 25E3AEA91F5B15E1008AA4F3 /* WKBaseAnchorViewModel.swift */; };
		25E3AEAC1F5B1874008AA4F3 /* WKBaseAnchorViewController.swift in Sources */ = {isa = PBXBuildFile; fileRef = 25E3AEAB1F5B1874008AA4F3 /* WKBaseAnchorViewController.swift */; };
		2CDA28F75C38A9AB0D656886 /* Pods_DYZBUITests.framework in Frameworks */ = {isa = PBXBuildFile; fileRef = 7FDB829B05CC07031D348FB1 /* Pods_DYZBUITests.framework */; };
		5218F502C8734690CD6EDCAF /* Pods_DYZBTests.framework in Frameworks */ = {isa = PBXBuildFile; fileRef = 201F41608AA9E33DCF679442 /* Pods_DYZBTests.framework */; };
/* End PBXBuildFile section */

/* Begin PBXContainerItemProxy section */
		250917B01F5005A80007F398 /* PBXContainerItemProxy */ = {
			isa = PBXContainerItemProxy;
			containerPortal = 250917931F5005A80007F398 /* Project object */;
			proxyType = 1;
			remoteGlobalIDString = 2509179A1F5005A80007F398;
			remoteInfo = DYZB;
		};
		250917BB1F5005A80007F398 /* PBXContainerItemProxy */ = {
			isa = PBXContainerItemProxy;
			containerPortal = 250917931F5005A80007F398 /* Project object */;
			proxyType = 1;
			remoteGlobalIDString = 2509179A1F5005A80007F398;
			remoteInfo = DYZB;
		};
/* End PBXContainerItemProxy section */

/* Begin PBXFileReference section */
		201F41608AA9E33DCF679442 /* Pods_DYZBTests.framework */ = {isa = PBXFileReference; explicitFileType = wrapper.framework; includeInIndex = 0; path = Pods_DYZBTests.framework; sourceTree = BUILT_PRODUCTS_DIR; };
		2509179B1F5005A80007F398 /* DYZB.app */ = {isa = PBXFileReference; explicitFileType = wrapper.application; includeInIndex = 0; path = DYZB.app; sourceTree = BUILT_PRODUCTS_DIR; };
		2509179E1F5005A80007F398 /* AppDelegate.swift */ = {isa = PBXFileReference; lastKnownFileType = sourcecode.swift; path = AppDelegate.swift; sourceTree = "<group>"; };
		250917A31F5005A80007F398 /* Base */ = {isa = PBXFileReference; lastKnownFileType = file.storyboard; name = Base; path = Base.lproj/Main.storyboard; sourceTree = "<group>"; };
		250917A51F5005A80007F398 /* Assets.xcassets */ = {isa = PBXFileReference; lastKnownFileType = folder.assetcatalog; path = Assets.xcassets; sourceTree = "<group>"; };
		250917A81F5005A80007F398 /* Base */ = {isa = PBXFileReference; lastKnownFileType = file.storyboard; name = Base; path = Base.lproj/LaunchScreen.storyboard; sourceTree = "<group>"; };
		250917AA1F5005A80007F398 /* Info.plist */ = {isa = PBXFileReference; lastKnownFileType = text.plist.xml; path = Info.plist; sourceTree = "<group>"; };
		250917AF1F5005A80007F398 /* DYZBTests.xctest */ = {isa = PBXFileReference; explicitFileType = wrapper.cfbundle; includeInIndex = 0; path = DYZBTests.xctest; sourceTree = BUILT_PRODUCTS_DIR; };
		250917B31F5005A80007F398 /* DYZBTests.swift */ = {isa = PBXFileReference; lastKnownFileType = sourcecode.swift; path = DYZBTests.swift; sourceTree = "<group>"; };
		250917B51F5005A80007F398 /* Info.plist */ = {isa = PBXFileReference; lastKnownFileType = text.plist.xml; path = Info.plist; sourceTree = "<group>"; };
		250917BA1F5005A80007F398 /* DYZBUITests.xctest */ = {isa = PBXFileReference; explicitFileType = wrapper.cfbundle; includeInIndex = 0; path = DYZBUITests.xctest; sourceTree = BUILT_PRODUCTS_DIR; };
		250917BE1F5005A80007F398 /* DYZBUITests.swift */ = {isa = PBXFileReference; lastKnownFileType = sourcecode.swift; path = DYZBUITests.swift; sourceTree = "<group>"; };
		250917C01F5005A80007F398 /* Info.plist */ = {isa = PBXFileReference; lastKnownFileType = text.plist.xml; path = Info.plist; sourceTree = "<group>"; };
		250917E91F500A7E0007F398 /* Home.storyboard */ = {isa = PBXFileReference; fileEncoding = 4; lastKnownFileType = file.storyboard; name = Home.storyboard; path = DYZB/Class/Home/View/Home.storyboard; sourceTree = SOURCE_ROOT; };
		250917EB1F500AD00007F398 /* Live.storyboard */ = {isa = PBXFileReference; fileEncoding = 4; lastKnownFileType = file.storyboard; name = Live.storyboard; path = DYZB/Class/Live/View/Live.storyboard; sourceTree = SOURCE_ROOT; };
		250917ED1F500AF20007F398 /* Follow.storyboard */ = {isa = PBXFileReference; fileEncoding = 4; lastKnownFileType = file.storyboard; name = Follow.storyboard; path = DYZB/Class/Follow/View/Follow.storyboard; sourceTree = SOURCE_ROOT; };
		250917EF1F500B420007F398 /* Profile.storyboard */ = {isa = PBXFileReference; fileEncoding = 4; lastKnownFileType = file.storyboard; name = Profile.storyboard; path = DYZB/Class/Profile/View/Profile.storyboard; sourceTree = SOURCE_ROOT; };
		250917F11F500B870007F398 /* WKTabBarController.swift */ = {isa = PBXFileReference; fileEncoding = 4; lastKnownFileType = sourcecode.swift; path = WKTabBarController.swift; sourceTree = "<group>"; };
		250917F31F5023220007F398 /* WKHomeViewController.swift */ = {isa = PBXFileReference; fileEncoding = 4; lastKnownFileType = sourcecode.swift; path = WKHomeViewController.swift; sourceTree = "<group>"; };
		250917F61F50269C0007F398 /* UIBarButtonItem-Extension.swift */ = {isa = PBXFileReference; fileEncoding = 4; lastKnownFileType = sourcecode.swift; path = "UIBarButtonItem-Extension.swift"; sourceTree = "<group>"; };
		250917F81F51767F0007F398 /* WKPageTitleView.swift */ = {isa = PBXFileReference; fileEncoding = 4; lastKnownFileType = sourcecode.swift; path = WKPageTitleView.swift; sourceTree = "<group>"; };
		250917FA1F5178540007F398 /* Common.swift */ = {isa = PBXFileReference; fileEncoding = 4; lastKnownFileType = sourcecode.swift; path = Common.swift; sourceTree = "<group>"; };
		250917FC1F51889F0007F398 /* WKPageContentView.swift */ = {isa = PBXFileReference; fileEncoding = 4; lastKnownFileType = sourcecode.swift; path = WKPageContentView.swift; sourceTree = "<group>"; };
		250917FE1F51D60D0007F398 /* UIColor+Extension.swift */ = {isa = PBXFileReference; fileEncoding = 4; lastKnownFileType = sourcecode.swift; path = "UIColor+Extension.swift"; sourceTree = "<group>"; };
		250D2C301F5411C0001E7C1C /* WKRecommendController.swift */ = {isa = PBXFileReference; fileEncoding = 4; lastKnownFileType = sourcecode.swift; path = WKRecommendController.swift; sourceTree = "<group>"; };
		250D2C321F541AE6001E7C1C /* WKReusableView.swift */ = {isa = PBXFileReference; fileEncoding = 4; lastKnownFileType = sourcecode.swift; path = WKReusableView.swift; sourceTree = "<group>"; };
		250D2C331F541AE6001E7C1C /* WKReusableView.xib */ = {isa = PBXFileReference; fileEncoding = 4; lastKnownFileType = file.xib; path = WKReusableView.xib; sourceTree = "<group>"; };
		250D2C361F541E1E001E7C1C /* WKNormalCollectionViewCell.swift */ = {isa = PBXFileReference; fileEncoding = 4; lastKnownFileType = sourcecode.swift; path = WKNormalCollectionViewCell.swift; sourceTree = "<group>"; };
		250D2C371F541E1E001E7C1C /* WKNormalCollectionViewCell.xib */ = {isa = PBXFileReference; fileEncoding = 4; lastKnownFileType = file.xib; path = WKNormalCollectionViewCell.xib; sourceTree = "<group>"; };
		250D2C3A1F542256001E7C1C /* WKPrettyCollectionViewCell.swift */ = {isa = PBXFileReference; fileEncoding = 4; lastKnownFileType = sourcecode.swift; path = WKPrettyCollectionViewCell.swift; sourceTree = "<group>"; };
		250D2C3B1F542256001E7C1C /* WKPrettyCollectionViewCell.xib */ = {isa = PBXFileReference; fileEncoding = 4; lastKnownFileType = file.xib; path = WKPrettyCollectionViewCell.xib; sourceTree = "<group>"; };
		25652B971F56BCF00047A3CB /* WKCycleView.swift */ = {isa = PBXFileReference; fileEncoding = 4; lastKnownFileType = sourcecode.swift; path = WKCycleView.swift; sourceTree = "<group>"; };
		25652B991F56BD170047A3CB /* WKCycleView.xib */ = {isa = PBXFileReference; fileEncoding = 4; lastKnownFileType = file.xib; path = WKCycleView.xib; sourceTree = "<group>"; };
		25652B9B1F56C3C10047A3CB /* WKCycleCell.swift */ = {isa = PBXFileReference; fileEncoding = 4; lastKnownFileType = sourcecode.swift; path = WKCycleCell.swift; sourceTree = "<group>"; };
		25652B9C1F56C3C10047A3CB /* WKCycleCell.xib */ = {isa = PBXFileReference; fileEncoding = 4; lastKnownFileType = file.xib; path = WKCycleCell.xib; sourceTree = "<group>"; };
		25652B9F1F56C5940047A3CB /* WKCycleModel.swift */ = {isa = PBXFileReference; fileEncoding = 4; lastKnownFileType = sourcecode.swift; path = WKCycleModel.swift; sourceTree = "<group>"; };
		25C0829B1F556FD400FDB253 /* WKNetworkTools.swift */ = {isa = PBXFileReference; fileEncoding = 4; lastKnownFileType = sourcecode.swift; name = WKNetworkTools.swift; path = Class/Tools/WKNetworkTools.swift; sourceTree = "<group>"; };
		25C0829E1F5573CF00FDB253 /* WKRecommendViewModel.swift */ = {isa = PBXFileReference; fileEncoding = 4; lastKnownFileType = sourcecode.swift; path = WKRecommendViewModel.swift; sourceTree = "<group>"; };
		25C082A21F55768100FDB253 /* NSdate+Extension.swift */ = {isa = PBXFileReference; fileEncoding = 4; lastKnownFileType = sourcecode.swift; path = "NSdate+Extension.swift"; sourceTree = "<group>"; };
		25C082A41F55795E00FDB253 /* WKAnchorGroup.swift */ = {isa = PBXFileReference; fileEncoding = 4; lastKnownFileType = sourcecode.swift; path = WKAnchorGroup.swift; sourceTree = "<group>"; };
		25C082A61F55796A00FDB253 /* WKAnchorModel.swift */ = {isa = PBXFileReference; fileEncoding = 4; lastKnownFileType = sourcecode.swift; path = WKAnchorModel.swift; sourceTree = "<group>"; };
		25C082A81F559D0700FDB253 /* WKBaseCollectionViewCell.swift */ = {isa = PBXFileReference; fileEncoding = 4; lastKnownFileType = sourcecode.swift; path = WKBaseCollectionViewCell.swift; sourceTree = "<group>"; };
		25E3AE901F581823008AA4F3 /* WKRecommendGanmeView.swift */ = {isa = PBXFileReference; fileEncoding = 4; lastKnownFileType = sourcecode.swift; path = WKRecommendGanmeView.swift; sourceTree = "<group>"; };
		25E3AE921F58182C008AA4F3 /* WKRecommendGanmeView.xib */ = {isa = PBXFileReference; fileEncoding = 4; lastKnownFileType = file.xib; path = WKRecommendGanmeView.xib; sourceTree = "<group>"; };
		25E3AE941F581B38008AA4F3 /* WKGameViewCell.swift */ = {isa = PBXFileReference; fileEncoding = 4; lastKnownFileType = sourcecode.swift; path = WKGameViewCell.swift; sourceTree = "<group>"; };
		25E3AE951F581B38008AA4F3 /* WKGameViewCell.xib */ = {isa = PBXFileReference; fileEncoding = 4; lastKnownFileType = file.xib; path = WKGameViewCell.xib; sourceTree = "<group>"; };
		25E3AE981F59610B008AA4F3 /* WKGameViewController.swift */ = {isa = PBXFileReference; fileEncoding = 4; lastKnownFileType = sourcecode.swift; path = WKGameViewController.swift; sourceTree = "<group>"; };
		25E3AE9A1F59665E008AA4F3 /* WKGameModel.swift */ = {isa = PBXFileReference; fileEncoding = 4; lastKnownFileType = sourcecode.swift; path = WKGameModel.swift; sourceTree = "<group>"; };
		25E3AE9C1F5966E2008AA4F3 /* WKGameViewModel.swift */ = {isa = PBXFileReference; fileEncoding = 4; lastKnownFileType = sourcecode.swift; path = WKGameViewModel.swift; sourceTree = "<group>"; };
		25E3AE9E1F5973F0008AA4F3 /* WKBaseGameModel.swift */ = {isa = PBXFileReference; fileEncoding = 4; lastKnownFileType = sourcecode.swift; path = WKBaseGameModel.swift; sourceTree = "<group>"; };
		25E3AEA01F5B1080008AA4F3 /* WKAmuseViewController.swift */ = {isa = PBXFileReference; fileEncoding = 4; lastKnownFileType = sourcecode.swift; path = WKAmuseViewController.swift; sourceTree = "<group>"; };
		25E3AEA61F5B1327008AA4F3 /* WKAmuseViewModel.swift */ = {isa = PBXFileReference; fileEncoding = 4; lastKnownFileType = sourcecode.swift; path = WKAmuseViewModel.swift; sourceTree = "<group>"; };
		25E3AEA91F5B15E1008AA4F3 /* WKBaseAnchorViewModel.swift */ = {isa = PBXFileReference; fileEncoding = 4; lastKnownFileType = sourcecode.swift; path = WKBaseAnchorViewModel.swift; sourceTree = "<group>"; };
		25E3AEAB1F5B1874008AA4F3 /* WKBaseAnchorViewController.swift */ = {isa = PBXFileReference; fileEncoding = 4; lastKnownFileType = sourcecode.swift; path = WKBaseAnchorViewController.swift; sourceTree = "<group>"; };
		265339613D4786661713FD63 /* Pods_DYZB.framework */ = {isa = PBXFileReference; explicitFileType = wrapper.framework; includeInIndex = 0; path = Pods_DYZB.framework; sourceTree = BUILT_PRODUCTS_DIR; };
		7FDB829B05CC07031D348FB1 /* Pods_DYZBUITests.framework */ = {isa = PBXFileReference; explicitFileType = wrapper.framework; includeInIndex = 0; path = Pods_DYZBUITests.framework; sourceTree = BUILT_PRODUCTS_DIR; };
		80B2BB94B0E359FEDF68BBF7 /* Pods-DYZB.release.xcconfig */ = {isa = PBXFileReference; includeInIndex = 1; lastKnownFileType = text.xcconfig; name = "Pods-DYZB.release.xcconfig"; path = "Pods/Target Support Files/Pods-DYZB/Pods-DYZB.release.xcconfig"; sourceTree = "<group>"; };
		80B52F2D9007377E68C788AE /* Pods-DYZBTests.debug.xcconfig */ = {isa = PBXFileReference; includeInIndex = 1; lastKnownFileType = text.xcconfig; name = "Pods-DYZBTests.debug.xcconfig"; path = "Pods/Target Support Files/Pods-DYZBTests/Pods-DYZBTests.debug.xcconfig"; sourceTree = "<group>"; };
		9739B37E41C0346E9FBA218C /* Pods-DYZBUITests.debug.xcconfig */ = {isa = PBXFileReference; includeInIndex = 1; lastKnownFileType = text.xcconfig; name = "Pods-DYZBUITests.debug.xcconfig"; path = "Pods/Target Support Files/Pods-DYZBUITests/Pods-DYZBUITests.debug.xcconfig"; sourceTree = "<group>"; };
		AAD557FFC7B2BCE26BD5AB6B /* Pods-DYZBTests.release.xcconfig */ = {isa = PBXFileReference; includeInIndex = 1; lastKnownFileType = text.xcconfig; name = "Pods-DYZBTests.release.xcconfig"; path = "Pods/Target Support Files/Pods-DYZBTests/Pods-DYZBTests.release.xcconfig"; sourceTree = "<group>"; };
		AD16EFE0E58367CA01A2EA5C /* Pods-DYZB.debug.xcconfig */ = {isa = PBXFileReference; includeInIndex = 1; lastKnownFileType = text.xcconfig; name = "Pods-DYZB.debug.xcconfig"; path = "Pods/Target Support Files/Pods-DYZB/Pods-DYZB.debug.xcconfig"; sourceTree = "<group>"; };
		D1693BB489CE72C42E9ACC4E /* Pods-DYZBUITests.release.xcconfig */ = {isa = PBXFileReference; includeInIndex = 1; lastKnownFileType = text.xcconfig; name = "Pods-DYZBUITests.release.xcconfig"; path = "Pods/Target Support Files/Pods-DYZBUITests/Pods-DYZBUITests.release.xcconfig"; sourceTree = "<group>"; };
/* End PBXFileReference section */

/* Begin PBXFrameworksBuildPhase section */
		250917981F5005A80007F398 /* Frameworks */ = {
			isa = PBXFrameworksBuildPhase;
			buildActionMask = 2147483647;
			files = (
				0DEBF5CF3DF3F907C45D77AC /* Pods_DYZB.framework in Frameworks */,
			);
			runOnlyForDeploymentPostprocessing = 0;
		};
		250917AC1F5005A80007F398 /* Frameworks */ = {
			isa = PBXFrameworksBuildPhase;
			buildActionMask = 2147483647;
			files = (
				5218F502C8734690CD6EDCAF /* Pods_DYZBTests.framework in Frameworks */,
			);
			runOnlyForDeploymentPostprocessing = 0;
		};
		250917B71F5005A80007F398 /* Frameworks */ = {
			isa = PBXFrameworksBuildPhase;
			buildActionMask = 2147483647;
			files = (
				2CDA28F75C38A9AB0D656886 /* Pods_DYZBUITests.framework in Frameworks */,
			);
			runOnlyForDeploymentPostprocessing = 0;
		};
/* End PBXFrameworksBuildPhase section */

/* Begin PBXGroup section */
		250917921F5005A80007F398 = {
			isa = PBXGroup;
			children = (
				2509179D1F5005A80007F398 /* DYZB */,
				250917B21F5005A80007F398 /* DYZBTests */,
				250917BD1F5005A80007F398 /* DYZBUITests */,
				2509179C1F5005A80007F398 /* Products */,
				427D24CA8ABBE49538949A91 /* Pods */,
				B79F79BEEDDD82DBF06587FE /* Frameworks */,
			);
			sourceTree = "<group>";
		};
		2509179C1F5005A80007F398 /* Products */ = {
			isa = PBXGroup;
			children = (
				2509179B1F5005A80007F398 /* DYZB.app */,
				250917AF1F5005A80007F398 /* DYZBTests.xctest */,
				250917BA1F5005A80007F398 /* DYZBUITests.xctest */,
			);
			name = Products;
			sourceTree = "<group>";
		};
		2509179D1F5005A80007F398 /* DYZB */ = {
			isa = PBXGroup;
			children = (
				250917CC1F5007930007F398 /* Class */,
				2509179E1F5005A80007F398 /* AppDelegate.swift */,
				25C0829B1F556FD400FDB253 /* WKNetworkTools.swift */,
				250917FA1F5178540007F398 /* Common.swift */,
				250917A51F5005A80007F398 /* Assets.xcassets */,
				250917A71F5005A80007F398 /* LaunchScreen.storyboard */,
				250917AA1F5005A80007F398 /* Info.plist */,
			);
			path = DYZB;
			sourceTree = "<group>";
		};
		250917B21F5005A80007F398 /* DYZBTests */ = {
			isa = PBXGroup;
			children = (
				250917B31F5005A80007F398 /* DYZBTests.swift */,
				250917B51F5005A80007F398 /* Info.plist */,
			);
			path = DYZBTests;
			sourceTree = "<group>";
		};
		250917BD1F5005A80007F398 /* DYZBUITests */ = {
			isa = PBXGroup;
			children = (
				250917BE1F5005A80007F398 /* DYZBUITests.swift */,
				250917C01F5005A80007F398 /* Info.plist */,
			);
			path = DYZBUITests;
			sourceTree = "<group>";
		};
		250917CC1F5007930007F398 /* Class */ = {
			isa = PBXGroup;
			children = (
				250917D91F5007930007F398 /* Main */,
				250917D11F5007930007F398 /* Home */,
				250917D51F5007930007F398 /* Live */,
				250917CD1F5007930007F398 /* Follow */,
				250917DD1F5007930007F398 /* Profile */,
				250917E11F5007930007F398 /* Tools */,
			);
			path = Class;
			sourceTree = "<group>";
		};
		250917CD1F5007930007F398 /* Follow */ = {
			isa = PBXGroup;
			children = (
				250917CE1F5007930007F398 /* Controller */,
				250917CF1F5007930007F398 /* Model */,
				250917D01F5007930007F398 /* View */,
			);
			path = Follow;
			sourceTree = "<group>";
		};
		250917CE1F5007930007F398 /* Controller */ = {
			isa = PBXGroup;
			children = (
			);
			path = Controller;
			sourceTree = "<group>";
		};
		250917CF1F5007930007F398 /* Model */ = {
			isa = PBXGroup;
			children = (
			);
			path = Model;
			sourceTree = "<group>";
		};
		250917D01F5007930007F398 /* View */ = {
			isa = PBXGroup;
			children = (
				250917ED1F500AF20007F398 /* Follow.storyboard */,
			);
			path = View;
			sourceTree = "<group>";
		};
		250917D11F5007930007F398 /* Home */ = {
			isa = PBXGroup;
			children = (
				25C0829D1F55737000FDB253 /* ViewModel */,
				250917D21F5007930007F398 /* Controller */,
				250917D31F5007930007F398 /* Model */,
				250917D41F5007930007F398 /* View */,
			);
			path = Home;
			sourceTree = "<group>";
		};
		250917D21F5007930007F398 /* Controller */ = {
			isa = PBXGroup;
			children = (
				250917F31F5023220007F398 /* WKHomeViewController.swift */,
				250D2C301F5411C0001E7C1C /* WKRecommendController.swift */,
				25E3AE981F59610B008AA4F3 /* WKGameViewController.swift */,
				25E3AEA01F5B1080008AA4F3 /* WKAmuseViewController.swift */,
			);
			path = Controller;
			sourceTree = "<group>";
		};
		250917D31F5007930007F398 /* Model */ = {
			isa = PBXGroup;
			children = (
				25652B9F1F56C5940047A3CB /* WKCycleModel.swift */,
				25E3AE9A1F59665E008AA4F3 /* WKGameModel.swift */,
			);
			path = Model;
			sourceTree = "<group>";
		};
		250917D41F5007930007F398 /* View */ = {
			isa = PBXGroup;
			children = (
				250917E91F500A7E0007F398 /* Home.storyboard */,
				250D2C321F541AE6001E7C1C /* WKReusableView.swift */,
				250D2C331F541AE6001E7C1C /* WKReusableView.xib */,
				25652B971F56BCF00047A3CB /* WKCycleView.swift */,
				25652B991F56BD170047A3CB /* WKCycleView.xib */,
				25652B9B1F56C3C10047A3CB /* WKCycleCell.swift */,
				25652B9C1F56C3C10047A3CB /* WKCycleCell.xib */,
				25E3AE901F581823008AA4F3 /* WKRecommendGanmeView.swift */,
				25E3AE921F58182C008AA4F3 /* WKRecommendGanmeView.xib */,
				25E3AE941F581B38008AA4F3 /* WKGameViewCell.swift */,
				25E3AE951F581B38008AA4F3 /* WKGameViewCell.xib */,
			);
			path = View;
			sourceTree = "<group>";
		};
		250917D51F5007930007F398 /* Live */ = {
			isa = PBXGroup;
			children = (
				250917D61F5007930007F398 /* Controller */,
				250917D71F5007930007F398 /* Model */,
				250917D81F5007930007F398 /* View */,
			);
			path = Live;
			sourceTree = "<group>";
		};
		250917D61F5007930007F398 /* Controller */ = {
			isa = PBXGroup;
			children = (
			);
			path = Controller;
			sourceTree = "<group>";
		};
		250917D71F5007930007F398 /* Model */ = {
			isa = PBXGroup;
			children = (
			);
			path = Model;
			sourceTree = "<group>";
		};
		250917D81F5007930007F398 /* View */ = {
			isa = PBXGroup;
			children = (
				250917EB1F500AD00007F398 /* Live.storyboard */,
			);
			path = View;
			sourceTree = "<group>";
		};
		250917D91F5007930007F398 /* Main */ = {
			isa = PBXGroup;
			children = (
				25E3AEA81F5B15CA008AA4F3 /* ViewModel */,
				250917DA1F5007930007F398 /* Controller */,
				250917DB1F5007930007F398 /* Model */,
				250917DC1F5007930007F398 /* View */,
			);
			path = Main;
			sourceTree = "<group>";
		};
		250917DA1F5007930007F398 /* Controller */ = {
			isa = PBXGroup;
			children = (
				250917F11F500B870007F398 /* WKTabBarController.swift */,
				25E3AEAB1F5B1874008AA4F3 /* WKBaseAnchorViewController.swift */,
			);
			path = Controller;
			sourceTree = "<group>";
		};
		250917DB1F5007930007F398 /* Model */ = {
			isa = PBXGroup;
			children = (
				25C082A41F55795E00FDB253 /* WKAnchorGroup.swift */,
				25C082A61F55796A00FDB253 /* WKAnchorModel.swift */,
				25E3AE9E1F5973F0008AA4F3 /* WKBaseGameModel.swift */,
			);
			path = Model;
			sourceTree = "<group>";
		};
		250917DC1F5007930007F398 /* View */ = {
			isa = PBXGroup;
			children = (
				250917A21F5005A80007F398 /* Main.storyboard */,
				250917F81F51767F0007F398 /* WKPageTitleView.swift */,
				250917FC1F51889F0007F398 /* WKPageContentView.swift */,
				250D2C361F541E1E001E7C1C /* WKNormalCollectionViewCell.swift */,
				250D2C371F541E1E001E7C1C /* WKNormalCollectionViewCell.xib */,
				250D2C3A1F542256001E7C1C /* WKPrettyCollectionViewCell.swift */,
				250D2C3B1F542256001E7C1C /* WKPrettyCollectionViewCell.xib */,
				25C082A81F559D0700FDB253 /* WKBaseCollectionViewCell.swift */,
			);
			path = View;
			sourceTree = "<group>";
		};
		250917DD1F5007930007F398 /* Profile */ = {
			isa = PBXGroup;
			children = (
				250917DE1F5007930007F398 /* Controller */,
				250917DF1F5007930007F398 /* Model */,
				250917E01F5007930007F398 /* View */,
			);
			path = Profile;
			sourceTree = "<group>";
		};
		250917DE1F5007930007F398 /* Controller */ = {
			isa = PBXGroup;
			children = (
			);
			path = Controller;
			sourceTree = "<group>";
		};
		250917DF1F5007930007F398 /* Model */ = {
			isa = PBXGroup;
			children = (
			);
			path = Model;
			sourceTree = "<group>";
		};
		250917E01F5007930007F398 /* View */ = {
			isa = PBXGroup;
			children = (
				250917EF1F500B420007F398 /* Profile.storyboard */,
			);
			path = View;
			sourceTree = "<group>";
		};
		250917E11F5007930007F398 /* Tools */ = {
			isa = PBXGroup;
			children = (
				250917F51F50266E0007F398 /* Extension */,
				250917E21F5007930007F398 /* Controller */,
				250917E31F5007930007F398 /* Model */,
				250917E41F5007930007F398 /* View */,
			);
			path = Tools;
			sourceTree = "<group>";
		};
		250917E21F5007930007F398 /* Controller */ = {
			isa = PBXGroup;
			children = (
			);
			path = Controller;
			sourceTree = "<group>";
		};
		250917E31F5007930007F398 /* Model */ = {
			isa = PBXGroup;
			children = (
			);
			path = Model;
			sourceTree = "<group>";
		};
		250917E41F5007930007F398 /* View */ = {
			isa = PBXGroup;
			children = (
			);
			path = View;
			sourceTree = "<group>";
		};
		250917F51F50266E0007F398 /* Extension */ = {
			isa = PBXGroup;
			children = (
				250917F61F50269C0007F398 /* UIBarButtonItem-Extension.swift */,
				250917FE1F51D60D0007F398 /* UIColor+Extension.swift */,
				25C082A21F55768100FDB253 /* NSdate+Extension.swift */,
			);
			path = Extension;
			sourceTree = "<group>";
		};
		25C0829D1F55737000FDB253 /* ViewModel */ = {
			isa = PBXGroup;
			children = (
				25C0829E1F5573CF00FDB253 /* WKRecommendViewModel.swift */,
				25E3AE9C1F5966E2008AA4F3 /* WKGameViewModel.swift */,
				25E3AEA61F5B1327008AA4F3 /* WKAmuseViewModel.swift */,
			);
			path = ViewModel;
			sourceTree = "<group>";
		};
		25E3AEA81F5B15CA008AA4F3 /* ViewModel */ = {
			isa = PBXGroup;
			children = (
				25E3AEA91F5B15E1008AA4F3 /* WKBaseAnchorViewModel.swift */,
			);
			path = ViewModel;
			sourceTree = "<group>";
		};
		427D24CA8ABBE49538949A91 /* Pods */ = {
			isa = PBXGroup;
			children = (
				AD16EFE0E58367CA01A2EA5C /* Pods-DYZB.debug.xcconfig */,
				80B2BB94B0E359FEDF68BBF7 /* Pods-DYZB.release.xcconfig */,
				80B52F2D9007377E68C788AE /* Pods-DYZBTests.debug.xcconfig */,
				AAD557FFC7B2BCE26BD5AB6B /* Pods-DYZBTests.release.xcconfig */,
				9739B37E41C0346E9FBA218C /* Pods-DYZBUITests.debug.xcconfig */,
				D1693BB489CE72C42E9ACC4E /* Pods-DYZBUITests.release.xcconfig */,
			);
			name = Pods;
			sourceTree = "<group>";
		};
		B79F79BEEDDD82DBF06587FE /* Frameworks */ = {
			isa = PBXGroup;
			children = (
				265339613D4786661713FD63 /* Pods_DYZB.framework */,
				201F41608AA9E33DCF679442 /* Pods_DYZBTests.framework */,
				7FDB829B05CC07031D348FB1 /* Pods_DYZBUITests.framework */,
			);
			name = Frameworks;
			sourceTree = "<group>";
		};
/* End PBXGroup section */

/* Begin PBXNativeTarget section */
		2509179A1F5005A80007F398 /* DYZB */ = {
			isa = PBXNativeTarget;
			buildConfigurationList = 250917C31F5005A80007F398 /* Build configuration list for PBXNativeTarget "DYZB" */;
			buildPhases = (
				186A329855DEEDB8B3BF022A /* [CP] Check Pods Manifest.lock */,
				250917971F5005A80007F398 /* Sources */,
				250917981F5005A80007F398 /* Frameworks */,
				250917991F5005A80007F398 /* Resources */,
				E400DB9A19A2529C365D49C8 /* [CP] Embed Pods Frameworks */,
				5F0CB442D872B74BFBD8DB36 /* [CP] Copy Pods Resources */,
			);
			buildRules = (
			);
			dependencies = (
			);
			name = DYZB;
			productName = DYZB;
			productReference = 2509179B1F5005A80007F398 /* DYZB.app */;
			productType = "com.apple.product-type.application";
		};
		250917AE1F5005A80007F398 /* DYZBTests */ = {
			isa = PBXNativeTarget;
			buildConfigurationList = 250917C61F5005A80007F398 /* Build configuration list for PBXNativeTarget "DYZBTests" */;
			buildPhases = (
				5B1DCA9541F47E5F623D4D75 /* [CP] Check Pods Manifest.lock */,
				250917AB1F5005A80007F398 /* Sources */,
				250917AC1F5005A80007F398 /* Frameworks */,
				250917AD1F5005A80007F398 /* Resources */,
				E313A4BD3FD938D1C111E456 /* [CP] Embed Pods Frameworks */,
				9004556A952D8A777A166D7B /* [CP] Copy Pods Resources */,
			);
			buildRules = (
			);
			dependencies = (
				250917B11F5005A80007F398 /* PBXTargetDependency */,
			);
			name = DYZBTests;
			productName = DYZBTests;
			productReference = 250917AF1F5005A80007F398 /* DYZBTests.xctest */;
			productType = "com.apple.product-type.bundle.unit-test";
		};
		250917B91F5005A80007F398 /* DYZBUITests */ = {
			isa = PBXNativeTarget;
			buildConfigurationList = 250917C91F5005A80007F398 /* Build configuration list for PBXNativeTarget "DYZBUITests" */;
			buildPhases = (
				58EAA31A7EFBD4EA1F7914B5 /* [CP] Check Pods Manifest.lock */,
				250917B61F5005A80007F398 /* Sources */,
				250917B71F5005A80007F398 /* Frameworks */,
				250917B81F5005A80007F398 /* Resources */,
				4E10E48ECAC6A53CF801365B /* [CP] Embed Pods Frameworks */,
				4C8E9A545753C93757341399 /* [CP] Copy Pods Resources */,
			);
			buildRules = (
			);
			dependencies = (
				250917BC1F5005A80007F398 /* PBXTargetDependency */,
			);
			name = DYZBUITests;
			productName = DYZBUITests;
			productReference = 250917BA1F5005A80007F398 /* DYZBUITests.xctest */;
			productType = "com.apple.product-type.bundle.ui-testing";
		};
/* End PBXNativeTarget section */

/* Begin PBXProject section */
		250917931F5005A80007F398 /* Project object */ = {
			isa = PBXProject;
			attributes = {
				CLASSPREFIX = WK;
				LastSwiftUpdateCheck = 0830;
				LastUpgradeCheck = 0830;
				ORGANIZATIONNAME = "阿拉斯加的🐶";
				TargetAttributes = {
					2509179A1F5005A80007F398 = {
						CreatedOnToolsVersion = 8.3.3;
						DevelopmentTeam = 8Y2G5F25VK;
						ProvisioningStyle = Automatic;
					};
					250917AE1F5005A80007F398 = {
						CreatedOnToolsVersion = 8.3.3;
						DevelopmentTeam = 8Y2G5F25VK;
						ProvisioningStyle = Automatic;
						TestTargetID = 2509179A1F5005A80007F398;
					};
					250917B91F5005A80007F398 = {
						CreatedOnToolsVersion = 8.3.3;
						DevelopmentTeam = 8Y2G5F25VK;
						ProvisioningStyle = Automatic;
						TestTargetID = 2509179A1F5005A80007F398;
					};
				};
			};
			buildConfigurationList = 250917961F5005A80007F398 /* Build configuration list for PBXProject "DYZB" */;
			compatibilityVersion = "Xcode 3.2";
			developmentRegion = English;
			hasScannedForEncodings = 0;
			knownRegions = (
				en,
				Base,
			);
			mainGroup = 250917921F5005A80007F398;
			productRefGroup = 2509179C1F5005A80007F398 /* Products */;
			projectDirPath = "";
			projectRoot = "";
			targets = (
				2509179A1F5005A80007F398 /* DYZB */,
				250917AE1F5005A80007F398 /* DYZBTests */,
				250917B91F5005A80007F398 /* DYZBUITests */,
			);
		};
/* End PBXProject section */

/* Begin PBXResourcesBuildPhase section */
		250917991F5005A80007F398 /* Resources */ = {
			isa = PBXResourcesBuildPhase;
			buildActionMask = 2147483647;
			files = (
				250917A91F5005A80007F398 /* LaunchScreen.storyboard in Resources */,
				250917A61F5005A80007F398 /* Assets.xcassets in Resources */,
				250D2C3D1F542256001E7C1C /* WKPrettyCollectionViewCell.xib in Resources */,
				250917A41F5005A80007F398 /* Main.storyboard in Resources */,
				25E3AE931F58182C008AA4F3 /* WKRecommendGanmeView.xib in Resources */,
				25652B9A1F56BD170047A3CB /* WKCycleView.xib in Resources */,
				250D2C351F541AE6001E7C1C /* WKReusableView.xib in Resources */,
				250917EC1F500AD00007F398 /* Live.storyboard in Resources */,
				250917EA1F500A7E0007F398 /* Home.storyboard in Resources */,
				250917F01F500B420007F398 /* Profile.storyboard in Resources */,
				250D2C391F541E1E001E7C1C /* WKNormalCollectionViewCell.xib in Resources */,
				25652B9E1F56C3C10047A3CB /* WKCycleCell.xib in Resources */,
				25E3AE971F581B38008AA4F3 /* WKGameViewCell.xib in Resources */,
				250917EE1F500AF20007F398 /* Follow.storyboard in Resources */,
			);
			runOnlyForDeploymentPostprocessing = 0;
		};
		250917AD1F5005A80007F398 /* Resources */ = {
			isa = PBXResourcesBuildPhase;
			buildActionMask = 2147483647;
			files = (
			);
			runOnlyForDeploymentPostprocessing = 0;
		};
		250917B81F5005A80007F398 /* Resources */ = {
			isa = PBXResourcesBuildPhase;
			buildActionMask = 2147483647;
			files = (
			);
			runOnlyForDeploymentPostprocessing = 0;
		};
/* End PBXResourcesBuildPhase section */

/* Begin PBXShellScriptBuildPhase section */
		186A329855DEEDB8B3BF022A /* [CP] Check Pods Manifest.lock */ = {
			isa = PBXShellScriptBuildPhase;
			buildActionMask = 2147483647;
			files = (
			);
			inputPaths = (
			);
			name = "[CP] Check Pods Manifest.lock";
			outputPaths = (
			);
			runOnlyForDeploymentPostprocessing = 0;
			shellPath = /bin/sh;
			shellScript = "diff \"${PODS_PODFILE_DIR_PATH}/Podfile.lock\" \"${PODS_ROOT}/Manifest.lock\" > /dev/null\nif [ $? != 0 ] ; then\n    # print error to STDERR\n    echo \"error: The sandbox is not in sync with the Podfile.lock. Run 'pod install' or update your CocoaPods installation.\" >&2\n    exit 1\nfi\n";
			showEnvVarsInLog = 0;
		};
		4C8E9A545753C93757341399 /* [CP] Copy Pods Resources */ = {
			isa = PBXShellScriptBuildPhase;
			buildActionMask = 2147483647;
			files = (
			);
			inputPaths = (
			);
			name = "[CP] Copy Pods Resources";
			outputPaths = (
			);
			runOnlyForDeploymentPostprocessing = 0;
			shellPath = /bin/sh;
			shellScript = "\"${SRCROOT}/Pods/Target Support Files/Pods-DYZBUITests/Pods-DYZBUITests-resources.sh\"\n";
			showEnvVarsInLog = 0;
		};
		4E10E48ECAC6A53CF801365B /* [CP] Embed Pods Frameworks */ = {
			isa = PBXShellScriptBuildPhase;
			buildActionMask = 2147483647;
			files = (
			);
			inputPaths = (
			);
			name = "[CP] Embed Pods Frameworks";
			outputPaths = (
			);
			runOnlyForDeploymentPostprocessing = 0;
			shellPath = /bin/sh;
			shellScript = "\"${SRCROOT}/Pods/Target Support Files/Pods-DYZBUITests/Pods-DYZBUITests-frameworks.sh\"\n";
			showEnvVarsInLog = 0;
		};
		58EAA31A7EFBD4EA1F7914B5 /* [CP] Check Pods Manifest.lock */ = {
			isa = PBXShellScriptBuildPhase;
			buildActionMask = 2147483647;
			files = (
			);
			inputPaths = (
			);
			name = "[CP] Check Pods Manifest.lock";
			outputPaths = (
			);
			runOnlyForDeploymentPostprocessing = 0;
			shellPath = /bin/sh;
			shellScript = "diff \"${PODS_PODFILE_DIR_PATH}/Podfile.lock\" \"${PODS_ROOT}/Manifest.lock\" > /dev/null\nif [ $? != 0 ] ; then\n    # print error to STDERR\n    echo \"error: The sandbox is not in sync with the Podfile.lock. Run 'pod install' or update your CocoaPods installation.\" >&2\n    exit 1\nfi\n";
			showEnvVarsInLog = 0;
		};
		5B1DCA9541F47E5F623D4D75 /* [CP] Check Pods Manifest.lock */ = {
			isa = PBXShellScriptBuildPhase;
			buildActionMask = 2147483647;
			files = (
			);
			inputPaths = (
			);
			name = "[CP] Check Pods Manifest.lock";
			outputPaths = (
			);
			runOnlyForDeploymentPostprocessing = 0;
			shellPath = /bin/sh;
			shellScript = "diff \"${PODS_PODFILE_DIR_PATH}/Podfile.lock\" \"${PODS_ROOT}/Manifest.lock\" > /dev/null\nif [ $? != 0 ] ; then\n    # print error to STDERR\n    echo \"error: The sandbox is not in sync with the Podfile.lock. Run 'pod install' or update your CocoaPods installation.\" >&2\n    exit 1\nfi\n";
			showEnvVarsInLog = 0;
		};
		5F0CB442D872B74BFBD8DB36 /* [CP] Copy Pods Resources */ = {
			isa = PBXShellScriptBuildPhase;
			buildActionMask = 2147483647;
			files = (
			);
			inputPaths = (
			);
			name = "[CP] Copy Pods Resources";
			outputPaths = (
			);
			runOnlyForDeploymentPostprocessing = 0;
			shellPath = /bin/sh;
			shellScript = "\"${SRCROOT}/Pods/Target Support Files/Pods-DYZB/Pods-DYZB-resources.sh\"\n";
			showEnvVarsInLog = 0;
		};
		9004556A952D8A777A166D7B /* [CP] Copy Pods Resources */ = {
			isa = PBXShellScriptBuildPhase;
			buildActionMask = 2147483647;
			files = (
			);
			inputPaths = (
			);
			name = "[CP] Copy Pods Resources";
			outputPaths = (
			);
			runOnlyForDeploymentPostprocessing = 0;
			shellPath = /bin/sh;
			shellScript = "\"${SRCROOT}/Pods/Target Support Files/Pods-DYZBTests/Pods-DYZBTests-resources.sh\"\n";
			showEnvVarsInLog = 0;
		};
		E313A4BD3FD938D1C111E456 /* [CP] Embed Pods Frameworks */ = {
			isa = PBXShellScriptBuildPhase;
			buildActionMask = 2147483647;
			files = (
			);
			inputPaths = (
			);
			name = "[CP] Embed Pods Frameworks";
			outputPaths = (
			);
			runOnlyForDeploymentPostprocessing = 0;
			shellPath = /bin/sh;
			shellScript = "\"${SRCROOT}/Pods/Target Support Files/Pods-DYZBTests/Pods-DYZBTests-frameworks.sh\"\n";
			showEnvVarsInLog = 0;
		};
		E400DB9A19A2529C365D49C8 /* [CP] Embed Pods Frameworks */ = {
			isa = PBXShellScriptBuildPhase;
			buildActionMask = 2147483647;
			files = (
			);
			inputPaths = (
			);
			name = "[CP] Embed Pods Frameworks";
			outputPaths = (
			);
			runOnlyForDeploymentPostprocessing = 0;
			shellPath = /bin/sh;
			shellScript = "\"${SRCROOT}/Pods/Target Support Files/Pods-DYZB/Pods-DYZB-frameworks.sh\"\n";
			showEnvVarsInLog = 0;
		};
/* End PBXShellScriptBuildPhase section */

/* Begin PBXSourcesBuildPhase section */
		250917971F5005A80007F398 /* Sources */ = {
			isa = PBXSourcesBuildPhase;
			buildActionMask = 2147483647;
			files = (
				25E3AE991F59610B008AA4F3 /* WKGameViewController.swift in Sources */,
				250D2C3C1F542256001E7C1C /* WKPrettyCollectionViewCell.swift in Sources */,
				250917F41F5023220007F398 /* WKHomeViewController.swift in Sources */,
				25E3AE961F581B38008AA4F3 /* WKGameViewCell.swift in Sources */,
				25C0829C1F556FD400FDB253 /* WKNetworkTools.swift in Sources */,
				250917F91F51767F0007F398 /* WKPageTitleView.swift in Sources */,
				25E3AEA71F5B1327008AA4F3 /* WKAmuseViewModel.swift in Sources */,
				25E3AEA11F5B1080008AA4F3 /* WKAmuseViewController.swift in Sources */,
				2509179F1F5005A80007F398 /* AppDelegate.swift in Sources */,
				25C082A31F55768100FDB253 /* NSdate+Extension.swift in Sources */,
				25E3AEAA1F5B15E1008AA4F3 /* WKBaseAnchorViewModel.swift in Sources */,
				25E3AE9F1F5973F0008AA4F3 /* WKBaseGameModel.swift in Sources */,
				25E3AE911F581823008AA4F3 /* WKRecommendGanmeView.swift in Sources */,
				25652B9D1F56C3C10047A3CB /* WKCycleCell.swift in Sources */,
				25E3AEAC1F5B1874008AA4F3 /* WKBaseAnchorViewController.swift in Sources */,
				25C082A71F55796A00FDB253 /* WKAnchorModel.swift in Sources */,
				25652B981F56BCF00047A3CB /* WKCycleView.swift in Sources */,
				250D2C341F541AE6001E7C1C /* WKReusableView.swift in Sources */,
				250917FD1F51889F0007F398 /* WKPageContentView.swift in Sources */,
				25C082A51F55795E00FDB253 /* WKAnchorGroup.swift in Sources */,
				25652BA01F56C5940047A3CB /* WKCycleModel.swift in Sources */,
				25E3AE9B1F59665E008AA4F3 /* WKGameModel.swift in Sources */,
				250917F71F50269C0007F398 /* UIBarButtonItem-Extension.swift in Sources */,
				250D2C381F541E1E001E7C1C /* WKNormalCollectionViewCell.swift in Sources */,
				250D2C311F5411C0001E7C1C /* WKRecommendController.swift in Sources */,
				25E3AE9D1F5966E2008AA4F3 /* WKGameViewModel.swift in Sources */,
				250917FB1F5178540007F398 /* Common.swift in Sources */,
				25C0829F1F5573CF00FDB253 /* WKRecommendViewModel.swift in Sources */,
				250917F21F500B870007F398 /* WKTabBarController.swift in Sources */,
				250917FF1F51D60D0007F398 /* UIColor+Extension.swift in Sources */,
				25C082A91F559D0700FDB253 /* WKBaseCollectionViewCell.swift in Sources */,
			);
			runOnlyForDeploymentPostprocessing = 0;
		};
		250917AB1F5005A80007F398 /* Sources */ = {
			isa = PBXSourcesBuildPhase;
			buildActionMask = 2147483647;
			files = (
				250917B41F5005A80007F398 /* DYZBTests.swift in Sources */,
			);
			runOnlyForDeploymentPostprocessing = 0;
		};
		250917B61F5005A80007F398 /* Sources */ = {
			isa = PBXSourcesBuildPhase;
			buildActionMask = 2147483647;
			files = (
				250917BF1F5005A80007F398 /* DYZBUITests.swift in Sources */,
			);
			runOnlyForDeploymentPostprocessing = 0;
		};
/* End PBXSourcesBuildPhase section */

/* Begin PBXTargetDependency section */
		250917B11F5005A80007F398 /* PBXTargetDependency */ = {
			isa = PBXTargetDependency;
			target = 2509179A1F5005A80007F398 /* DYZB */;
			targetProxy = 250917B01F5005A80007F398 /* PBXContainerItemProxy */;
		};
		250917BC1F5005A80007F398 /* PBXTargetDependency */ = {
			isa = PBXTargetDependency;
			target = 2509179A1F5005A80007F398 /* DYZB */;
			targetProxy = 250917BB1F5005A80007F398 /* PBXContainerItemProxy */;
		};
/* End PBXTargetDependency section */

/* Begin PBXVariantGroup section */
		250917A21F5005A80007F398 /* Main.storyboard */ = {
			isa = PBXVariantGroup;
			children = (
				250917A31F5005A80007F398 /* Base */,
			);
			name = Main.storyboard;
			path = ../../..;
			sourceTree = "<group>";
		};
		250917A71F5005A80007F398 /* LaunchScreen.storyboard */ = {
			isa = PBXVariantGroup;
			children = (
				250917A81F5005A80007F398 /* Base */,
			);
			name = LaunchScreen.storyboard;
			sourceTree = "<group>";
		};
/* End PBXVariantGroup section */

/* Begin XCBuildConfiguration section */
		250917C11F5005A80007F398 /* Debug */ = {
			isa = XCBuildConfiguration;
			buildSettings = {
				ALWAYS_SEARCH_USER_PATHS = NO;
				CLANG_ANALYZER_NONNULL = YES;
				CLANG_ANALYZER_NUMBER_OBJECT_CONVERSION = YES_AGGRESSIVE;
				CLANG_CXX_LANGUAGE_STANDARD = "gnu++0x";
				CLANG_CXX_LIBRARY = "libc++";
				CLANG_ENABLE_MODULES = YES;
				CLANG_ENABLE_OBJC_ARC = YES;
				CLANG_WARN_BOOL_CONVERSION = YES;
				CLANG_WARN_CONSTANT_CONVERSION = YES;
				CLANG_WARN_DIRECT_OBJC_ISA_USAGE = YES_ERROR;
				CLANG_WARN_DOCUMENTATION_COMMENTS = YES;
				CLANG_WARN_EMPTY_BODY = YES;
				CLANG_WARN_ENUM_CONVERSION = YES;
				CLANG_WARN_INFINITE_RECURSION = YES;
				CLANG_WARN_INT_CONVERSION = YES;
				CLANG_WARN_OBJC_ROOT_CLASS = YES_ERROR;
				CLANG_WARN_SUSPICIOUS_MOVE = YES;
				CLANG_WARN_UNREACHABLE_CODE = YES;
				CLANG_WARN__DUPLICATE_METHOD_MATCH = YES;
				"CODE_SIGN_IDENTITY[sdk=iphoneos*]" = "iPhone Developer";
				COPY_PHASE_STRIP = NO;
				DEBUG_INFORMATION_FORMAT = dwarf;
				ENABLE_STRICT_OBJC_MSGSEND = YES;
				ENABLE_TESTABILITY = YES;
				GCC_C_LANGUAGE_STANDARD = gnu99;
				GCC_DYNAMIC_NO_PIC = NO;
				GCC_NO_COMMON_BLOCKS = YES;
				GCC_OPTIMIZATION_LEVEL = 0;
				GCC_PREPROCESSOR_DEFINITIONS = (
					"DEBUG=1",
					"$(inherited)",
				);
				GCC_WARN_64_TO_32_BIT_CONVERSION = YES;
				GCC_WARN_ABOUT_RETURN_TYPE = YES_ERROR;
				GCC_WARN_UNDECLARED_SELECTOR = YES;
				GCC_WARN_UNINITIALIZED_AUTOS = YES_AGGRESSIVE;
				GCC_WARN_UNUSED_FUNCTION = YES;
				GCC_WARN_UNUSED_VARIABLE = YES;
				IPHONEOS_DEPLOYMENT_TARGET = 10.3;
				MTL_ENABLE_DEBUG_INFO = YES;
				ONLY_ACTIVE_ARCH = YES;
				SDKROOT = iphoneos;
				SWIFT_ACTIVE_COMPILATION_CONDITIONS = DEBUG;
				SWIFT_OPTIMIZATION_LEVEL = "-Onone";
			};
			name = Debug;
		};
		250917C21F5005A80007F398 /* Release */ = {
			isa = XCBuildConfiguration;
			buildSettings = {
				ALWAYS_SEARCH_USER_PATHS = NO;
				CLANG_ANALYZER_NONNULL = YES;
				CLANG_ANALYZER_NUMBER_OBJECT_CONVERSION = YES_AGGRESSIVE;
				CLANG_CXX_LANGUAGE_STANDARD = "gnu++0x";
				CLANG_CXX_LIBRARY = "libc++";
				CLANG_ENABLE_MODULES = YES;
				CLANG_ENABLE_OBJC_ARC = YES;
				CLANG_WARN_BOOL_CONVERSION = YES;
				CLANG_WARN_CONSTANT_CONVERSION = YES;
				CLANG_WARN_DIRECT_OBJC_ISA_USAGE = YES_ERROR;
				CLANG_WARN_DOCUMENTATION_COMMENTS = YES;
				CLANG_WARN_EMPTY_BODY = YES;
				CLANG_WARN_ENUM_CONVERSION = YES;
				CLANG_WARN_INFINITE_RECURSION = YES;
				CLANG_WARN_INT_CONVERSION = YES;
				CLANG_WARN_OBJC_ROOT_CLASS = YES_ERROR;
				CLANG_WARN_SUSPICIOUS_MOVE = YES;
				CLANG_WARN_UNREACHABLE_CODE = YES;
				CLANG_WARN__DUPLICATE_METHOD_MATCH = YES;
				"CODE_SIGN_IDENTITY[sdk=iphoneos*]" = "iPhone Developer";
				COPY_PHASE_STRIP = NO;
				DEBUG_INFORMATION_FORMAT = "dwarf-with-dsym";
				ENABLE_NS_ASSERTIONS = NO;
				ENABLE_STRICT_OBJC_MSGSEND = YES;
				GCC_C_LANGUAGE_STANDARD = gnu99;
				GCC_NO_COMMON_BLOCKS = YES;
				GCC_WARN_64_TO_32_BIT_CONVERSION = YES;
				GCC_WARN_ABOUT_RETURN_TYPE = YES_ERROR;
				GCC_WARN_UNDECLARED_SELECTOR = YES;
				GCC_WARN_UNINITIALIZED_AUTOS = YES_AGGRESSIVE;
				GCC_WARN_UNUSED_FUNCTION = YES;
				GCC_WARN_UNUSED_VARIABLE = YES;
				IPHONEOS_DEPLOYMENT_TARGET = 10.3;
				MTL_ENABLE_DEBUG_INFO = NO;
				SDKROOT = iphoneos;
				SWIFT_OPTIMIZATION_LEVEL = "-Owholemodule";
				VALIDATE_PRODUCT = YES;
			};
			name = Release;
		};
		250917C41F5005A80007F398 /* Debug */ = {
			isa = XCBuildConfiguration;
			baseConfigurationReference = AD16EFE0E58367CA01A2EA5C /* Pods-DYZB.debug.xcconfig */;
			buildSettings = {
				ASSETCATALOG_COMPILER_APPICON_NAME = AppIcon;
				ASSETCATALOG_COMPILER_LAUNCHIMAGE_NAME = LaunchImage;
				DEVELOPMENT_TEAM = 8Y2G5F25VK;
				INFOPLIST_FILE = DYZB/Info.plist;
				IPHONEOS_DEPLOYMENT_TARGET = 9.0;
				LD_RUNPATH_SEARCH_PATHS = "$(inherited) @executable_path/Frameworks";
				PRODUCT_BUNDLE_IDENTIFIER = net.colorfulclouds.app.DYZB;
				PRODUCT_NAME = "$(TARGET_NAME)";
				SWIFT_VERSION = 3.0;
			};
			name = Debug;
		};
		250917C51F5005A80007F398 /* Release */ = {
			isa = XCBuildConfiguration;
			baseConfigurationReference = 80B2BB94B0E359FEDF68BBF7 /* Pods-DYZB.release.xcconfig */;
			buildSettings = {
				ASSETCATALOG_COMPILER_APPICON_NAME = AppIcon;
				ASSETCATALOG_COMPILER_LAUNCHIMAGE_NAME = LaunchImage;
				DEVELOPMENT_TEAM = 8Y2G5F25VK;
				INFOPLIST_FILE = DYZB/Info.plist;
				IPHONEOS_DEPLOYMENT_TARGET = 9.0;
				LD_RUNPATH_SEARCH_PATHS = "$(inherited) @executable_path/Frameworks";
				PRODUCT_BUNDLE_IDENTIFIER = net.colorfulclouds.app.DYZB;
				PRODUCT_NAME = "$(TARGET_NAME)";
				SWIFT_VERSION = 3.0;
			};
			name = Release;
		};
		250917C71F5005A80007F398 /* Debug */ = {
			isa = XCBuildConfiguration;
			baseConfigurationReference = 80B52F2D9007377E68C788AE /* Pods-DYZBTests.debug.xcconfig */;
			buildSettings = {
				ALWAYS_EMBED_SWIFT_STANDARD_LIBRARIES = YES;
				BUNDLE_LOADER = "$(TEST_HOST)";
				DEVELOPMENT_TEAM = 8Y2G5F25VK;
				INFOPLIST_FILE = DYZBTests/Info.plist;
				LD_RUNPATH_SEARCH_PATHS = "$(inherited) @executable_path/Frameworks @loader_path/Frameworks";
				PRODUCT_BUNDLE_IDENTIFIER = net.colorfulclouds.app.DYZBTests;
				PRODUCT_NAME = "$(TARGET_NAME)";
				SWIFT_VERSION = 3.0;
				TEST_HOST = "$(BUILT_PRODUCTS_DIR)/DYZB.app/DYZB";
			};
			name = Debug;
		};
		250917C81F5005A80007F398 /* Release */ = {
			isa = XCBuildConfiguration;
			baseConfigurationReference = AAD557FFC7B2BCE26BD5AB6B /* Pods-DYZBTests.release.xcconfig */;
			buildSettings = {
				ALWAYS_EMBED_SWIFT_STANDARD_LIBRARIES = YES;
				BUNDLE_LOADER = "$(TEST_HOST)";
				DEVELOPMENT_TEAM = 8Y2G5F25VK;
				INFOPLIST_FILE = DYZBTests/Info.plist;
				LD_RUNPATH_SEARCH_PATHS = "$(inherited) @executable_path/Frameworks @loader_path/Frameworks";
				PRODUCT_BUNDLE_IDENTIFIER = net.colorfulclouds.app.DYZBTests;
				PRODUCT_NAME = "$(TARGET_NAME)";
				SWIFT_VERSION = 3.0;
				TEST_HOST = "$(BUILT_PRODUCTS_DIR)/DYZB.app/DYZB";
			};
			name = Release;
		};
		250917CA1F5005A80007F398 /* Debug */ = {
			isa = XCBuildConfiguration;
			baseConfigurationReference = 9739B37E41C0346E9FBA218C /* Pods-DYZBUITests.debug.xcconfig */;
			buildSettings = {
				ALWAYS_EMBED_SWIFT_STANDARD_LIBRARIES = YES;
				DEVELOPMENT_TEAM = 8Y2G5F25VK;
				INFOPLIST_FILE = DYZBUITests/Info.plist;
				LD_RUNPATH_SEARCH_PATHS = "$(inherited) @executable_path/Frameworks @loader_path/Frameworks";
				PRODUCT_BUNDLE_IDENTIFIER = net.colorfulclouds.app.DYZBUITests;
				PRODUCT_NAME = "$(TARGET_NAME)";
				SWIFT_VERSION = 3.0;
				TEST_TARGET_NAME = DYZB;
			};
			name = Debug;
		};
		250917CB1F5005A80007F398 /* Release */ = {
			isa = XCBuildConfiguration;
			baseConfigurationReference = D1693BB489CE72C42E9ACC4E /* Pods-DYZBUITests.release.xcconfig */;
			buildSettings = {
				ALWAYS_EMBED_SWIFT_STANDARD_LIBRARIES = YES;
				DEVELOPMENT_TEAM = 8Y2G5F25VK;
				INFOPLIST_FILE = DYZBUITests/Info.plist;
				LD_RUNPATH_SEARCH_PATHS = "$(inherited) @executable_path/Frameworks @loader_path/Frameworks";
				PRODUCT_BUNDLE_IDENTIFIER = net.colorfulclouds.app.DYZBUITests;
				PRODUCT_NAME = "$(TARGET_NAME)";
				SWIFT_VERSION = 3.0;
				TEST_TARGET_NAME = DYZB;
			};
			name = Release;
		};
/* End XCBuildConfiguration section */

/* Begin XCConfigurationList section */
		250917961F5005A80007F398 /* Build configuration list for PBXProject "DYZB" */ = {
			isa = XCConfigurationList;
			buildConfigurations = (
				250917C11F5005A80007F398 /* Debug */,
				250917C21F5005A80007F398 /* Release */,
			);
			defaultConfigurationIsVisible = 0;
			defaultConfigurationName = Release;
		};
		250917C31F5005A80007F398 /* Build configuration list for PBXNativeTarget "DYZB" */ = {
			isa = XCConfigurationList;
			buildConfigurations = (
				250917C41F5005A80007F398 /* Debug */,
				250917C51F5005A80007F398 /* Release */,
			);
			defaultConfigurationIsVisible = 0;
			defaultConfigurationName = Release;
		};
		250917C61F5005A80007F398 /* Build configuration list for PBXNativeTarget "DYZBTests" */ = {
			isa = XCConfigurationList;
			buildConfigurations = (
				250917C71F5005A80007F398 /* Debug */,
				250917C81F5005A80007F398 /* Release */,
			);
			defaultConfigurationIsVisible = 0;
			defaultConfigurationName = Release;
		};
		250917C91F5005A80007F398 /* Build configuration list for PBXNativeTarget "DYZBUITests" */ = {
			isa = XCConfigurationList;
			buildConfigurations = (
				250917CA1F5005A80007F398 /* Debug */,
				250917CB1F5005A80007F398 /* Release */,
			);
			defaultConfigurationIsVisible = 0;
			defaultConfigurationName = Release;
		};
/* End XCConfigurationList section */
	};
	rootObject = 250917931F5005A80007F398 /* Project object */;
}
