// !$*UTF8*$!
{
	archiveVersion = 1;
	classes = {
	};
	objectVersion = 46;
	objects = {

/* Begin PBXBuildFile section */
		2509179F1F5005A80007F398 /* AppDelegate.swift in Sources */ = {isa = PBXBuildFile; fileRef = 2509179E1F5005A80007F398 /* AppDelegate.swift */; };
		250917A41F5005A80007F398 /* Main.storyboard in Resources */ = {isa = PBXBuildFile; fileRef = 250917A21F5005A80007F398 /* Main.storyboard */; };
		250917A61F5005A80007F398 /* Assets.xcassets in Resources */ = {isa = PBXBuildFile; fileRef = 250917A51F5005A80007F398 /* Assets.xcassets */; };
		250917A91F5005A80007F398 /* LaunchScreen.storyboard in Resources */ = {isa = PBXBuildFile; fileRef = 250917A71F5005A80007F398 /* LaunchScreen.storyboard */; };
		250917B41F5005A80007F398 /* DYZBTests.swift in Sources */ = {isa = PBXBuildFile; fileRef = 250917B31F5005A80007F398 /* DYZBTests.swift */; };
		250917BF1F5005A80007F398 /* DYZBUITests.swift in Sources */ = {isa = PBXBuildFile; fileRef = 250917BE1F5005A80007F398 /* DYZBUITests.swift */; };
		250917EA1F500A7E0007F398 /* Home.storyboard in Resources */ = {isa = PBXBuildFile; fileRef = 250917E91F500A7E0007F398 /* Home.storyboard */; };
		250917EC1F500AD00007F398 /* Live.storyboard in Resources */ = {isa = PBXBuildFile; fileRef = 250917EB1F500AD00007F398 /* Live.storyboard */; };
		250917EE1F500AF20007F398 /* Follow.storyboard in Resources */ = {isa = PBXBuildFile; fileRef = 250917ED1F500AF20007F398 /* Follow.storyboard */; };
		250917F01F500B420007F398 /* Profile.storyboard in Resources */ = {isa = PBXBuildFile; fileRef = 250917EF1F500B420007F398 /* Profile.storyboard */; };
		250917F21F500B870007F398 /* WKTabBarController.swift in Sources */ = {isa = PBXBuildFile; fileRef = 250917F11F500B870007F398 /* WKTabBarController.swift */; };
		250917F41F5023220007F398 /* WKHomeViewController.swift in Sources */ = {isa = PBXBuildFile; fileRef = 250917F31F5023220007F398 /* WKHomeViewController.swift */; };
		250917F71F50269C0007F398 /* UIBarButtonItem-Extension.swift in Sources */ = {isa = PBXBuildFile; fileRef = 250917F61F50269C0007F398 /* UIBarButtonItem-Extension.swift */; };
		250917F91F51767F0007F398 /* WKPageTitleView.swift in Sources */ = {isa = PBXBuildFile; fileRef = 250917F81F51767F0007F398 /* WKPageTitleView.swift */; };
		250917FB1F5178540007F398 /* Common.swift in Sources */ = {isa = PBXBuildFile; fileRef = 250917FA1F5178540007F398 /* Common.swift */; };
/* End PBXBuildFile section */

/* Begin PBXContainerItemProxy section */
		250917B01F5005A80007F398 /* PBXContainerItemProxy */ = {
			isa = PBXContainerItemProxy;
			containerPortal = 250917931F5005A80007F398 /* Project object */;
			proxyType = 1;
			remoteGlobalIDString = 2509179A1F5005A80007F398;
			remoteInfo = DYZB;
		};
		250917BB1F5005A80007F398 /* PBXContainerItemProxy */ = {
			isa = PBXContainerItemProxy;
			containerPortal = 250917931F5005A80007F398 /* Project object */;
			proxyType = 1;
			remoteGlobalIDString = 2509179A1F5005A80007F398;
			remoteInfo = DYZB;
		};
/* End PBXContainerItemProxy section */

/* Begin PBXFileReference section */
		2509179B1F5005A80007F398 /* DYZB.app */ = {isa = PBXFileReference; explicitFileType = wrapper.application; includeInIndex = 0; path = DYZB.app; sourceTree = BUILT_PRODUCTS_DIR; };
		2509179E1F5005A80007F398 /* AppDelegate.swift */ = {isa = PBXFileReference; lastKnownFileType = sourcecode.swift; path = AppDelegate.swift; sourceTree = "<group>"; };
		250917A31F5005A80007F398 /* Base */ = {isa = PBXFileReference; lastKnownFileType = file.storyboard; name = Base; path = Base.lproj/Main.storyboard; sourceTree = "<group>"; };
		250917A51F5005A80007F398 /* Assets.xcassets */ = {isa = PBXFileReference; lastKnownFileType = folder.assetcatalog; path = Assets.xcassets; sourceTree = "<group>"; };
		250917A81F5005A80007F398 /* Base */ = {isa = PBXFileReference; lastKnownFileType = file.storyboard; name = Base; path = Base.lproj/LaunchScreen.storyboard; sourceTree = "<group>"; };
		250917AA1F5005A80007F398 /* Info.plist */ = {isa = PBXFileReference; lastKnownFileType = text.plist.xml; path = Info.plist; sourceTree = "<group>"; };
		250917AF1F5005A80007F398 /* DYZBTests.xctest */ = {isa = PBXFileReference; explicitFileType = wrapper.cfbundle; includeInIndex = 0; path = DYZBTests.xctest; sourceTree = BUILT_PRODUCTS_DIR; };
		250917B31F5005A80007F398 /* DYZBTests.swift */ = {isa = PBXFileReference; lastKnownFileType = sourcecode.swift; path = DYZBTests.swift; sourceTree = "<group>"; };
		250917B51F5005A80007F398 /* Info.plist */ = {isa = PBXFileReference; lastKnownFileType = text.plist.xml; path = Info.plist; sourceTree = "<group>"; };
		250917BA1F5005A80007F398 /* DYZBUITests.xctest */ = {isa = PBXFileReference; explicitFileType = wrapper.cfbundle; includeInIndex = 0; path = DYZBUITests.xctest; sourceTree = BUILT_PRODUCTS_DIR; };
		250917BE1F5005A80007F398 /* DYZBUITests.swift */ = {isa = PBXFileReference; lastKnownFileType = sourcecode.swift; path = DYZBUITests.swift; sourceTree = "<group>"; };
		250917C01F5005A80007F398 /* Info.plist */ = {isa = PBXFileReference; lastKnownFileType = text.plist.xml; path = Info.plist; sourceTree = "<group>"; };
		250917E91F500A7E0007F398 /* Home.storyboard */ = {isa = PBXFileReference; fileEncoding = 4; lastKnownFileType = file.storyboard; name = Home.storyboard; path = DYZB/Class/Home/View/Home.storyboard; sourceTree = SOURCE_ROOT; };
		250917EB1F500AD00007F398 /* Live.storyboard */ = {isa = PBXFileReference; fileEncoding = 4; lastKnownFileType = file.storyboard; name = Live.storyboard; path = DYZB/Class/Live/View/Live.storyboard; sourceTree = SOURCE_ROOT; };
		250917ED1F500AF20007F398 /* Follow.storyboard */ = {isa = PBXFileReference; fileEncoding = 4; lastKnownFileType = file.storyboard; name = Follow.storyboard; path = DYZB/Class/Follow/View/Follow.storyboard; sourceTree = SOURCE_ROOT; };
		250917EF1F500B420007F398 /* Profile.storyboard */ = {isa = PBXFileReference; fileEncoding = 4; lastKnownFileType = file.storyboard; name = Profile.storyboard; path = DYZB/Class/Profile/View/Profile.storyboard; sourceTree = SOURCE_ROOT; };
		250917F11F500B870007F398 /* WKTabBarController.swift */ = {isa = PBXFileReference; fileEncoding = 4; lastKnownFileType = sourcecode.swift; path = WKTabBarController.swift; sourceTree = "<group>"; };
		250917F31F5023220007F398 /* WKHomeViewController.swift */ = {isa = PBXFileReference; fileEncoding = 4; lastKnownFileType = sourcecode.swift; path = WKHomeViewController.swift; sourceTree = "<group>"; };
		250917F61F50269C0007F398 /* UIBarButtonItem-Extension.swift */ = {isa = PBXFileReference; fileEncoding = 4; lastKnownFileType = sourcecode.swift; path = "UIBarButtonItem-Extension.swift"; sourceTree = "<group>"; };
		250917F81F51767F0007F398 /* WKPageTitleView.swift */ = {isa = PBXFileReference; fileEncoding = 4; lastKnownFileType = sourcecode.swift; path = WKPageTitleView.swift; sourceTree = "<group>"; };
		250917FA1F5178540007F398 /* Common.swift */ = {isa = PBXFileReference; fileEncoding = 4; lastKnownFileType = sourcecode.swift; path = Common.swift; sourceTree = "<group>"; };
/* End PBXFileReference section */

/* Begin PBXFrameworksBuildPhase section */
		250917981F5005A80007F398 /* Frameworks */ = {
			isa = PBXFrameworksBuildPhase;
			buildActionMask = 2147483647;
			files = (
			);
			runOnlyForDeploymentPostprocessing = 0;
		};
		250917AC1F5005A80007F398 /* Frameworks */ = {
			isa = PBXFrameworksBuildPhase;
			buildActionMask = 2147483647;
			files = (
			);
			runOnlyForDeploymentPostprocessing = 0;
		};
		250917B71F5005A80007F398 /* Frameworks */ = {
			isa = PBXFrameworksBuildPhase;
			buildActionMask = 2147483647;
			files = (
			);
			runOnlyForDeploymentPostprocessing = 0;
		};
/* End PBXFrameworksBuildPhase section */

/* Begin PBXGroup section */
		250917921F5005A80007F398 = {
			isa = PBXGroup;
			children = (
				2509179D1F5005A80007F398 /* DYZB */,
				250917B21F5005A80007F398 /* DYZBTests */,
				250917BD1F5005A80007F398 /* DYZBUITests */,
				2509179C1F5005A80007F398 /* Products */,
			);
			sourceTree = "<group>";
		};
		2509179C1F5005A80007F398 /* Products */ = {
			isa = PBXGroup;
			children = (
				2509179B1F5005A80007F398 /* DYZB.app */,
				250917AF1F5005A80007F398 /* DYZBTests.xctest */,
				250917BA1F5005A80007F398 /* DYZBUITests.xctest */,
			);
			name = Products;
			sourceTree = "<group>";
		};
		2509179D1F5005A80007F398 /* DYZB */ = {
			isa = PBXGroup;
			children = (
				250917CC1F5007930007F398 /* Class */,
				2509179E1F5005A80007F398 /* AppDelegate.swift */,
				250917FA1F5178540007F398 /* Common.swift */,
				250917A51F5005A80007F398 /* Assets.xcassets */,
				250917A71F5005A80007F398 /* LaunchScreen.storyboard */,
				250917AA1F5005A80007F398 /* Info.plist */,
			);
			path = DYZB;
			sourceTree = "<group>";
		};
		250917B21F5005A80007F398 /* DYZBTests */ = {
			isa = PBXGroup;
			children = (
				250917B31F5005A80007F398 /* DYZBTests.swift */,
				250917B51F5005A80007F398 /* Info.plist */,
			);
			path = DYZBTests;
			sourceTree = "<group>";
		};
		250917BD1F5005A80007F398 /* DYZBUITests */ = {
			isa = PBXGroup;
			children = (
				250917BE1F5005A80007F398 /* DYZBUITests.swift */,
				250917C01F5005A80007F398 /* Info.plist */,
			);
			path = DYZBUITests;
			sourceTree = "<group>";
		};
		250917CC1F5007930007F398 /* Class */ = {
			isa = PBXGroup;
			children = (
				250917D91F5007930007F398 /* Main */,
				250917D11F5007930007F398 /* Home */,
				250917D51F5007930007F398 /* Live */,
				250917CD1F5007930007F398 /* Follow */,
				250917DD1F5007930007F398 /* Profile */,
				250917E11F5007930007F398 /* Tools */,
			);
			path = Class;
			sourceTree = "<group>";
		};
		250917CD1F5007930007F398 /* Follow */ = {
			isa = PBXGroup;
			children = (
				250917CE1F5007930007F398 /* Controller */,
				250917CF1F5007930007F398 /* Model */,
				250917D01F5007930007F398 /* View */,
			);
			path = Follow;
			sourceTree = "<group>";
		};
		250917CE1F5007930007F398 /* Controller */ = {
			isa = PBXGroup;
			children = (
			);
			path = Controller;
			sourceTree = "<group>";
		};
		250917CF1F5007930007F398 /* Model */ = {
			isa = PBXGroup;
			children = (
			);
			path = Model;
			sourceTree = "<group>";
		};
		250917D01F5007930007F398 /* View */ = {
			isa = PBXGroup;
			children = (
				250917ED1F500AF20007F398 /* Follow.storyboard */,
			);
			path = View;
			sourceTree = "<group>";
		};
		250917D11F5007930007F398 /* Home */ = {
			isa = PBXGroup;
			children = (
				250917D21F5007930007F398 /* Controller */,
				250917D31F5007930007F398 /* Model */,
				250917D41F5007930007F398 /* View */,
			);
			path = Home;
			sourceTree = "<group>";
		};
		250917D21F5007930007F398 /* Controller */ = {
			isa = PBXGroup;
			children = (
				250917F31F5023220007F398 /* WKHomeViewController.swift */,
			);
			path = Controller;
			sourceTree = "<group>";
		};
		250917D31F5007930007F398 /* Model */ = {
			isa = PBXGroup;
			children = (
			);
			path = Model;
			sourceTree = "<group>";
		};
		250917D41F5007930007F398 /* View */ = {
			isa = PBXGroup;
			children = (
				250917E91F500A7E0007F398 /* Home.storyboard */,
			);
			path = View;
			sourceTree = "<group>";
		};
		250917D51F5007930007F398 /* Live */ = {
			isa = PBXGroup;
			children = (
				250917D61F5007930007F398 /* Controller */,
				250917D71F5007930007F398 /* Model */,
				250917D81F5007930007F398 /* View */,
			);
			path = Live;
			sourceTree = "<group>";
		};
		250917D61F5007930007F398 /* Controller */ = {
			isa = PBXGroup;
			children = (
			);
			path = Controller;
			sourceTree = "<group>";
		};
		250917D71F5007930007F398 /* Model */ = {
			isa = PBXGroup;
			children = (
			);
			path = Model;
			sourceTree = "<group>";
		};
		250917D81F5007930007F398 /* View */ = {
			isa = PBXGroup;
			children = (
				250917EB1F500AD00007F398 /* Live.storyboard */,
			);
			path = View;
			sourceTree = "<group>";
		};
		250917D91F5007930007F398 /* Main */ = {
			isa = PBXGroup;
			children = (
				250917DA1F5007930007F398 /* Controller */,
				250917DB1F5007930007F398 /* Model */,
				250917DC1F5007930007F398 /* View */,
			);
			path = Main;
			sourceTree = "<group>";
		};
		250917DA1F5007930007F398 /* Controller */ = {
			isa = PBXGroup;
			children = (
				250917F11F500B870007F398 /* WKTabBarController.swift */,
			);
			path = Controller;
			sourceTree = "<group>";
		};
		250917DB1F5007930007F398 /* Model */ = {
			isa = PBXGroup;
			children = (
			);
			path = Model;
			sourceTree = "<group>";
		};
		250917DC1F5007930007F398 /* View */ = {
			isa = PBXGroup;
			children = (
				250917A21F5005A80007F398 /* Main.storyboard */,
				250917F81F51767F0007F398 /* WKPageTitleView.swift */,
			);
			path = View;
			sourceTree = "<group>";
		};
		250917DD1F5007930007F398 /* Profile */ = {
			isa = PBXGroup;
			children = (
				250917DE1F5007930007F398 /* Controller */,
				250917DF1F5007930007F398 /* Model */,
				250917E01F5007930007F398 /* View */,
			);
			path = Profile;
			sourceTree = "<group>";
		};
		250917DE1F5007930007F398 /* Controller */ = {
			isa = PBXGroup;
			children = (
			);
			path = Controller;
			sourceTree = "<group>";
		};
		250917DF1F5007930007F398 /* Model */ = {
			isa = PBXGroup;
			children = (
			);
			path = Model;
			sourceTree = "<group>";
		};
		250917E01F5007930007F398 /* View */ = {
			isa = PBXGroup;
			children = (
				250917EF1F500B420007F398 /* Profile.storyboard */,
			);
			path = View;
			sourceTree = "<group>";
		};
		250917E11F5007930007F398 /* Tools */ = {
			isa = PBXGroup;
			children = (
				250917F51F50266E0007F398 /* Extension */,
				250917E21F5007930007F398 /* Controller */,
				250917E31F5007930007F398 /* Model */,
				250917E41F5007930007F398 /* View */,
			);
			path = Tools;
			sourceTree = "<group>";
		};
		250917E21F5007930007F398 /* Controller */ = {
			isa = PBXGroup;
			children = (
			);
			path = Controller;
			sourceTree = "<group>";
		};
		250917E31F5007930007F398 /* Model */ = {
			isa = PBXGroup;
			children = (
			);
			path = Model;
			sourceTree = "<group>";
		};
		250917E41F5007930007F398 /* View */ = {
			isa = PBXGroup;
			children = (
			);
			path = View;
			sourceTree = "<group>";
		};
		250917F51F50266E0007F398 /* Extension */ = {
			isa = PBXGroup;
			children = (
				250917F61F50269C0007F398 /* UIBarButtonItem-Extension.swift */,
			);
			path = Extension;
			sourceTree = "<group>";
		};
/* End PBXGroup section */

/* Begin PBXNativeTarget section */
		2509179A1F5005A80007F398 /* DYZB */ = {
			isa = PBXNativeTarget;
			buildConfigurationList = 250917C31F5005A80007F398 /* Build configuration list for PBXNativeTarget "DYZB" */;
			buildPhases = (
				250917971F5005A80007F398 /* Sources */,
				250917981F5005A80007F398 /* Frameworks */,
				250917991F5005A80007F398 /* Resources */,
			);
			buildRules = (
			);
			dependencies = (
			);
			name = DYZB;
			productName = DYZB;
			productReference = 2509179B1F5005A80007F398 /* DYZB.app */;
			productType = "com.apple.product-type.application";
		};
		250917AE1F5005A80007F398 /* DYZBTests */ = {
			isa = PBXNativeTarget;
			buildConfigurationList = 250917C61F5005A80007F398 /* Build configuration list for PBXNativeTarget "DYZBTests" */;
			buildPhases = (
				250917AB1F5005A80007F398 /* Sources */,
				250917AC1F5005A80007F398 /* Frameworks */,
				250917AD1F5005A80007F398 /* Resources */,
			);
			buildRules = (
			);
			dependencies = (
				250917B11F5005A80007F398 /* PBXTargetDependency */,
			);
			name = DYZBTests;
			productName = DYZBTests;
			productReference = 250917AF1F5005A80007F398 /* DYZBTests.xctest */;
			productType = "com.apple.product-type.bundle.unit-test";
		};
		250917B91F5005A80007F398 /* DYZBUITests */ = {
			isa = PBXNativeTarget;
			buildConfigurationList = 250917C91F5005A80007F398 /* Build configuration list for PBXNativeTarget "DYZBUITests" */;
			buildPhases = (
				250917B61F5005A80007F398 /* Sources */,
				250917B71F5005A80007F398 /* Frameworks */,
				250917B81F5005A80007F398 /* Resources */,
			);
			buildRules = (
			);
			dependencies = (
				250917BC1F5005A80007F398 /* PBXTargetDependency */,
			);
			name = DYZBUITests;
			productName = DYZBUITests;
			productReference = 250917BA1F5005A80007F398 /* DYZBUITests.xctest */;
			productType = "com.apple.product-type.bundle.ui-testing";
		};
/* End PBXNativeTarget section */

/* Begin PBXProject section */
		250917931F5005A80007F398 /* Project object */ = {
			isa = PBXProject;
			attributes = {
				CLASSPREFIX = WK;
				LastSwiftUpdateCheck = 0830;
				LastUpgradeCheck = 0830;
				ORGANIZATIONNAME = "阿拉斯加的🐶";
				TargetAttributes = {
					2509179A1F5005A80007F398 = {
						CreatedOnToolsVersion = 8.3.3;
						DevelopmentTeam = 8Y2G5F25VK;
						ProvisioningStyle = Automatic;
					};
					250917AE1F5005A80007F398 = {
						CreatedOnToolsVersion = 8.3.3;
						DevelopmentTeam = 8Y2G5F25VK;
						ProvisioningStyle = Automatic;
						TestTargetID = 2509179A1F5005A80007F398;
					};
					250917B91F5005A80007F398 = {
						CreatedOnToolsVersion = 8.3.3;
						DevelopmentTeam = 8Y2G5F25VK;
						ProvisioningStyle = Automatic;
						TestTargetID = 2509179A1F5005A80007F398;
					};
				};
			};
			buildConfigurationList = 250917961F5005A80007F398 /* Build configuration list for PBXProject "DYZB" */;
			compatibilityVersion = "Xcode 3.2";
			developmentRegion = English;
			hasScannedForEncodings = 0;
			knownRegions = (
				en,
				Base,
			);
			mainGroup = 250917921F5005A80007F398;
			productRefGroup = 2509179C1F5005A80007F398 /* Products */;
			projectDirPath = "";
			projectRoot = "";
			targets = (
				2509179A1F5005A80007F398 /* DYZB */,
				250917AE1F5005A80007F398 /* DYZBTests */,
				250917B91F5005A80007F398 /* DYZBUITests */,
			);
		};
/* End PBXProject section */

/* Begin PBXResourcesBuildPhase section */
		250917991F5005A80007F398 /* Resources */ = {
			isa = PBXResourcesBuildPhase;
			buildActionMask = 2147483647;
			files = (
				250917A91F5005A80007F398 /* LaunchScreen.storyboard in Resources */,
				250917A61F5005A80007F398 /* Assets.xcassets in Resources */,
				250917A41F5005A80007F398 /* Main.storyboard in Resources */,
				250917EC1F500AD00007F398 /* Live.storyboard in Resources */,
				250917EA1F500A7E0007F398 /* Home.storyboard in Resources */,
				250917F01F500B420007F398 /* Profile.storyboard in Resources */,
				250917EE1F500AF20007F398 /* Follow.storyboard in Resources */,
			);
			runOnlyForDeploymentPostprocessing = 0;
		};
		250917AD1F5005A80007F398 /* Resources */ = {
			isa = PBXResourcesBuildPhase;
			buildActionMask = 2147483647;
			files = (
			);
			runOnlyForDeploymentPostprocessing = 0;
		};
		250917B81F5005A80007F398 /* Resources */ = {
			isa = PBXResourcesBuildPhase;
			buildActionMask = 2147483647;
			files = (
			);
			runOnlyForDeploymentPostprocessing = 0;
		};
/* End PBXResourcesBuildPhase section */

/* Begin PBXSourcesBuildPhase section */
		250917971F5005A80007F398 /* Sources */ = {
			isa = PBXSourcesBuildPhase;
			buildActionMask = 2147483647;
			files = (
				250917F41F5023220007F398 /* WKHomeViewController.swift in Sources */,
				250917F91F51767F0007F398 /* WKPageTitleView.swift in Sources */,
				2509179F1F5005A80007F398 /* AppDelegate.swift in Sources */,
				250917F71F50269C0007F398 /* UIBarButtonItem-Extension.swift in Sources */,
				250917FB1F5178540007F398 /* Common.swift in Sources */,
				250917F21F500B870007F398 /* WKTabBarController.swift in Sources */,
			);
			runOnlyForDeploymentPostprocessing = 0;
		};
		250917AB1F5005A80007F398 /* Sources */ = {
			isa = PBXSourcesBuildPhase;
			buildActionMask = 2147483647;
			files = (
				250917B41F5005A80007F398 /* DYZBTests.swift in Sources */,
			);
			runOnlyForDeploymentPostprocessing = 0;
		};
		250917B61F5005A80007F398 /* Sources */ = {
			isa = PBXSourcesBuildPhase;
			buildActionMask = 2147483647;
			files = (
				250917BF1F5005A80007F398 /* DYZBUITests.swift in Sources */,
			);
			runOnlyForDeploymentPostprocessing = 0;
		};
/* End PBXSourcesBuildPhase section */

/* Begin PBXTargetDependency section */
		250917B11F5005A80007F398 /* PBXTargetDependency */ = {
			isa = PBXTargetDependency;
			target = 2509179A1F5005A80007F398 /* DYZB */;
			targetProxy = 250917B01F5005A80007F398 /* PBXContainerItemProxy */;
		};
		250917BC1F5005A80007F398 /* PBXTargetDependency */ = {
			isa = PBXTargetDependency;
			target = 2509179A1F5005A80007F398 /* DYZB */;
			targetProxy = 250917BB1F5005A80007F398 /* PBXContainerItemProxy */;
		};
/* End PBXTargetDependency section */

/* Begin PBXVariantGroup section */
		250917A21F5005A80007F398 /* Main.storyboard */ = {
			isa = PBXVariantGroup;
			children = (
				250917A31F5005A80007F398 /* Base */,
			);
			name = Main.storyboard;
			path = ../../..;
			sourceTree = "<group>";
		};
		250917A71F5005A80007F398 /* LaunchScreen.storyboard */ = {
			isa = PBXVariantGroup;
			children = (
				250917A81F5005A80007F398 /* Base */,
			);
			name = LaunchScreen.storyboard;
			sourceTree = "<group>";
		};
/* End PBXVariantGroup section */

/* Begin XCBuildConfiguration section */
		250917C11F5005A80007F398 /* Debug */ = {
			isa = XCBuildConfiguration;
			buildSettings = {
				ALWAYS_SEARCH_USER_PATHS = NO;
				CLANG_ANALYZER_NONNULL = YES;
				CLANG_ANALYZER_NUMBER_OBJECT_CONVERSION = YES_AGGRESSIVE;
				CLANG_CXX_LANGUAGE_STANDARD = "gnu++0x";
				CLANG_CXX_LIBRARY = "libc++";
				CLANG_ENABLE_MODULES = YES;
				CLANG_ENABLE_OBJC_ARC = YES;
				CLANG_WARN_BOOL_CONVERSION = YES;
				CLANG_WARN_CONSTANT_CONVERSION = YES;
				CLANG_WARN_DIRECT_OBJC_ISA_USAGE = YES_ERROR;
				CLANG_WARN_DOCUMENTATION_COMMENTS = YES;
				CLANG_WARN_EMPTY_BODY = YES;
				CLANG_WARN_ENUM_CONVERSION = YES;
				CLANG_WARN_INFINITE_RECURSION = YES;
				CLANG_WARN_INT_CONVERSION = YES;
				CLANG_WARN_OBJC_ROOT_CLASS = YES_ERROR;
				CLANG_WARN_SUSPICIOUS_MOVE = YES;
				CLANG_WARN_UNREACHABLE_CODE = YES;
				CLANG_WARN__DUPLICATE_METHOD_MATCH = YES;
				"CODE_SIGN_IDENTITY[sdk=iphoneos*]" = "iPhone Developer";
				COPY_PHASE_STRIP = NO;
				DEBUG_INFORMATION_FORMAT = dwarf;
				ENABLE_STRICT_OBJC_MSGSEND = YES;
				ENABLE_TESTABILITY = YES;
				GCC_C_LANGUAGE_STANDARD = gnu99;
				GCC_DYNAMIC_NO_PIC = NO;
				GCC_NO_COMMON_BLOCKS = YES;
				GCC_OPTIMIZATION_LEVEL = 0;
				GCC_PREPROCESSOR_DEFINITIONS = (
					"DEBUG=1",
					"$(inherited)",
				);
				GCC_WARN_64_TO_32_BIT_CONVERSION = YES;
				GCC_WARN_ABOUT_RETURN_TYPE = YES_ERROR;
				GCC_WARN_UNDECLARED_SELECTOR = YES;
				GCC_WARN_UNINITIALIZED_AUTOS = YES_AGGRESSIVE;
				GCC_WARN_UNUSED_FUNCTION = YES;
				GCC_WARN_UNUSED_VARIABLE = YES;
				IPHONEOS_DEPLOYMENT_TARGET = 10.3;
				MTL_ENABLE_DEBUG_INFO = YES;
				ONLY_ACTIVE_ARCH = YES;
				SDKROOT = iphoneos;
				SWIFT_ACTIVE_COMPILATION_CONDITIONS = DEBUG;
				SWIFT_OPTIMIZATION_LEVEL = "-Onone";
			};
			name = Debug;
		};
		250917C21F5005A80007F398 /* Release */ = {
			isa = XCBuildConfiguration;
			buildSettings = {
				ALWAYS_SEARCH_USER_PATHS = NO;
				CLANG_ANALYZER_NONNULL = YES;
				CLANG_ANALYZER_NUMBER_OBJECT_CONVERSION = YES_AGGRESSIVE;
				CLANG_CXX_LANGUAGE_STANDARD = "gnu++0x";
				CLANG_CXX_LIBRARY = "libc++";
				CLANG_ENABLE_MODULES = YES;
				CLANG_ENABLE_OBJC_ARC = YES;
				CLANG_WARN_BOOL_CONVERSION = YES;
				CLANG_WARN_CONSTANT_CONVERSION = YES;
				CLANG_WARN_DIRECT_OBJC_ISA_USAGE = YES_ERROR;
				CLANG_WARN_DOCUMENTATION_COMMENTS = YES;
				CLANG_WARN_EMPTY_BODY = YES;
				CLANG_WARN_ENUM_CONVERSION = YES;
				CLANG_WARN_INFINITE_RECURSION = YES;
				CLANG_WARN_INT_CONVERSION = YES;
				CLANG_WARN_OBJC_ROOT_CLASS = YES_ERROR;
				CLANG_WARN_SUSPICIOUS_MOVE = YES;
				CLANG_WARN_UNREACHABLE_CODE = YES;
				CLANG_WARN__DUPLICATE_METHOD_MATCH = YES;
				"CODE_SIGN_IDENTITY[sdk=iphoneos*]" = "iPhone Developer";
				COPY_PHASE_STRIP = NO;
				DEBUG_INFORMATION_FORMAT = "dwarf-with-dsym";
				ENABLE_NS_ASSERTIONS = NO;
				ENABLE_STRICT_OBJC_MSGSEND = YES;
				GCC_C_LANGUAGE_STANDARD = gnu99;
				GCC_NO_COMMON_BLOCKS = YES;
				GCC_WARN_64_TO_32_BIT_CONVERSION = YES;
				GCC_WARN_ABOUT_RETURN_TYPE = YES_ERROR;
				GCC_WARN_UNDECLARED_SELECTOR = YES;
				GCC_WARN_UNINITIALIZED_AUTOS = YES_AGGRESSIVE;
				GCC_WARN_UNUSED_FUNCTION = YES;
				GCC_WARN_UNUSED_VARIABLE = YES;
				IPHONEOS_DEPLOYMENT_TARGET = 10.3;
				MTL_ENABLE_DEBUG_INFO = NO;
				SDKROOT = iphoneos;
				SWIFT_OPTIMIZATION_LEVEL = "-Owholemodule";
				VALIDATE_PRODUCT = YES;
			};
			name = Release;
		};
		250917C41F5005A80007F398 /* Debug */ = {
			isa = XCBuildConfiguration;
			buildSettings = {
				ASSETCATALOG_COMPILER_APPICON_NAME = AppIcon;
				ASSETCATALOG_COMPILER_LAUNCHIMAGE_NAME = LaunchImage;
				DEVELOPMENT_TEAM = 8Y2G5F25VK;
				INFOPLIST_FILE = DYZB/Info.plist;
				IPHONEOS_DEPLOYMENT_TARGET = 9.0;
				LD_RUNPATH_SEARCH_PATHS = "$(inherited) @executable_path/Frameworks";
				PRODUCT_BUNDLE_IDENTIFIER = net.colorfulclouds.app.DYZB;
				PRODUCT_NAME = "$(TARGET_NAME)";
				SWIFT_VERSION = 3.0;
			};
			name = Debug;
		};
		250917C51F5005A80007F398 /* Release */ = {
			isa = XCBuildConfiguration;
			buildSettings = {
				ASSETCATALOG_COMPILER_APPICON_NAME = AppIcon;
				ASSETCATALOG_COMPILER_LAUNCHIMAGE_NAME = LaunchImage;
				DEVELOPMENT_TEAM = 8Y2G5F25VK;
				INFOPLIST_FILE = DYZB/Info.plist;
				IPHONEOS_DEPLOYMENT_TARGET = 9.0;
				LD_RUNPATH_SEARCH_PATHS = "$(inherited) @executable_path/Frameworks";
				PRODUCT_BUNDLE_IDENTIFIER = net.colorfulclouds.app.DYZB;
				PRODUCT_NAME = "$(TARGET_NAME)";
				SWIFT_VERSION = 3.0;
			};
			name = Release;
		};
		250917C71F5005A80007F398 /* Debug */ = {
			isa = XCBuildConfiguration;
			buildSettings = {
				ALWAYS_EMBED_SWIFT_STANDARD_LIBRARIES = YES;
				BUNDLE_LOADER = "$(TEST_HOST)";
				DEVELOPMENT_TEAM = 8Y2G5F25VK;
				INFOPLIST_FILE = DYZBTests/Info.plist;
				LD_RUNPATH_SEARCH_PATHS = "$(inherited) @executable_path/Frameworks @loader_path/Frameworks";
				PRODUCT_BUNDLE_IDENTIFIER = net.colorfulclouds.app.DYZBTests;
				PRODUCT_NAME = "$(TARGET_NAME)";
				SWIFT_VERSION = 3.0;
				TEST_HOST = "$(BUILT_PRODUCTS_DIR)/DYZB.app/DYZB";
			};
			name = Debug;
		};
		250917C81F5005A80007F398 /* Release */ = {
			isa = XCBuildConfiguration;
			buildSettings = {
				ALWAYS_EMBED_SWIFT_STANDARD_LIBRARIES = YES;
				BUNDLE_LOADER = "$(TEST_HOST)";
				DEVELOPMENT_TEAM = 8Y2G5F25VK;
				INFOPLIST_FILE = DYZBTests/Info.plist;
				LD_RUNPATH_SEARCH_PATHS = "$(inherited) @executable_path/Frameworks @loader_path/Frameworks";
				PRODUCT_BUNDLE_IDENTIFIER = net.colorfulclouds.app.DYZBTests;
				PRODUCT_NAME = "$(TARGET_NAME)";
				SWIFT_VERSION = 3.0;
				TEST_HOST = "$(BUILT_PRODUCTS_DIR)/DYZB.app/DYZB";
			};
			name = Release;
		};
		250917CA1F5005A80007F398 /* Debug */ = {
			isa = XCBuildConfiguration;
			buildSettings = {
				ALWAYS_EMBED_SWIFT_STANDARD_LIBRARIES = YES;
				DEVELOPMENT_TEAM = 8Y2G5F25VK;
				INFOPLIST_FILE = DYZBUITests/Info.plist;
				LD_RUNPATH_SEARCH_PATHS = "$(inherited) @executable_path/Frameworks @loader_path/Frameworks";
				PRODUCT_BUNDLE_IDENTIFIER = net.colorfulclouds.app.DYZBUITests;
				PRODUCT_NAME = "$(TARGET_NAME)";
				SWIFT_VERSION = 3.0;
				TEST_TARGET_NAME = DYZB;
			};
			name = Debug;
		};
		250917CB1F5005A80007F398 /* Release */ = {
			isa = XCBuildConfiguration;
			buildSettings = {
				ALWAYS_EMBED_SWIFT_STANDARD_LIBRARIES = YES;
				DEVELOPMENT_TEAM = 8Y2G5F25VK;
				INFOPLIST_FILE = DYZBUITests/Info.plist;
				LD_RUNPATH_SEARCH_PATHS = "$(inherited) @executable_path/Frameworks @loader_path/Frameworks";
				PRODUCT_BUNDLE_IDENTIFIER = net.colorfulclouds.app.DYZBUITests;
				PRODUCT_NAME = "$(TARGET_NAME)";
				SWIFT_VERSION = 3.0;
				TEST_TARGET_NAME = DYZB;
			};
			name = Release;
		};
/* End XCBuildConfiguration section */

/* Begin XCConfigurationList section */
		250917961F5005A80007F398 /* Build configuration list for PBXProject "DYZB" */ = {
			isa = XCConfigurationList;
			buildConfigurations = (
				250917C11F5005A80007F398 /* Debug */,
				250917C21F5005A80007F398 /* Release */,
			);
			defaultConfigurationIsVisible = 0;
			defaultConfigurationName = Release;
		};
		250917C31F5005A80007F398 /* Build configuration list for PBXNativeTarget "DYZB" */ = {
			isa = XCConfigurationList;
			buildConfigurations = (
				250917C41F5005A80007F398 /* Debug */,
				250917C51F5005A80007F398 /* Release */,
			);
			defaultConfigurationIsVisible = 0;
			defaultConfigurationName = Release;
		};
		250917C61F5005A80007F398 /* Build configuration list for PBXNativeTarget "DYZBTests" */ = {
			isa = XCConfigurationList;
			buildConfigurations = (
				250917C71F5005A80007F398 /* Debug */,
				250917C81F5005A80007F398 /* Release */,
			);
			defaultConfigurationIsVisible = 0;
			defaultConfigurationName = Release;
		};
		250917C91F5005A80007F398 /* Build configuration list for PBXNativeTarget "DYZBUITests" */ = {
			isa = XCConfigurationList;
			buildConfigurations = (
				250917CA1F5005A80007F398 /* Debug */,
				250917CB1F5005A80007F398 /* Release */,
			);
			defaultConfigurationIsVisible = 0;
			defaultConfigurationName = Release;
		};
/* End XCConfigurationList section */
	};
	rootObject = 250917931F5005A80007F398 /* Project object */;
}
